// !$*UTF8*$!
{
	archiveVersion = 1;
	classes = {
	};
	objectVersion = 54;
	objects = {

/* Begin PBXBuildFile section */
		0EDEDC4987F75CEFDE5FA019 /* SettingsViewModelTests.swift in Sources */ = {isa = PBXBuildFile; fileRef = 4BFA4D9DA38EC1902F69DCF8 /* SettingsViewModelTests.swift */; };
		1307FD6CBC0E86085BAF07D8 /* LiveActivityPresentationTests.swift in Sources */ = {isa = PBXBuildFile; fileRef = DAEECB031A5C0E7E350974B9 /* LiveActivityPresentationTests.swift */; };
		156E3AD343D33BAB647E3A5B /* PeckerActivityAttributes.swift in Sources */ = {isa = PBXBuildFile; fileRef = E7CB769B36F0251786BE6C84 /* PeckerActivityAttributes.swift */; };
		1695ED7C7274AA000E671E03 /* EventRepositoryTests.swift in Sources */ = {isa = PBXBuildFile; fileRef = 59A0BCB751762DCF620BA102 /* EventRepositoryTests.swift */; };
		1AA7058DEFA5CFB45BD011AA /* OnboardingStateTests.swift in Sources */ = {isa = PBXBuildFile; fileRef = E125643CB612C366015BCD60 /* OnboardingStateTests.swift */; };
		22BBA3184BB980AFA9618184 /* PeckerLiveActivity.appex in Embed Foundation Extensions */ = {isa = PBXBuildFile; fileRef = 905C71DE2A54999B6D4A54C8 /* PeckerLiveActivity.appex */; settings = {ATTRIBUTES = (RemoveHeadersOnCopy, ); }; };
		231C5326939DA2266F164DEB /* AppDependencies.swift in Sources */ = {isa = PBXBuildFile; fileRef = 77A3309D7C9F5E3A123D75A9 /* AppDependencies.swift */; };
		265795E04003DA59AC3AF528 /* OnboardingView.swift in Sources */ = {isa = PBXBuildFile; fileRef = FF43BE233A9F68C253E25D35 /* OnboardingView.swift */; };
		28918716FDD4FB43CB33758F /* RecognitionModels.swift in Sources */ = {isa = PBXBuildFile; fileRef = B3ED5714B825EF64F00F6545 /* RecognitionModels.swift */; };
		2FF408B7B706B7850512C675 /* PeckerApp.swift in Sources */ = {isa = PBXBuildFile; fileRef = E80A158B72D538CE0B38C7E5 /* PeckerApp.swift */; };
		376EAD5035495CC3A7364B48 /* TimelineClassifier.swift in Sources */ = {isa = PBXBuildFile; fileRef = 801400D467F38808155B81EA /* TimelineClassifier.swift */; };
		3A0797077ABF0148A62572A2 /* EventRepository.swift in Sources */ = {isa = PBXBuildFile; fileRef = 7455385DC3B1E7451E402D00 /* EventRepository.swift */; };
		3B092E1AE947776BA59FD76C /* TimelineEngineTests.swift in Sources */ = {isa = PBXBuildFile; fileRef = B24228916E5F6E30C68D54A7 /* TimelineEngineTests.swift */; };
		3B2000525786F63F19F839AD /* TodayView.swift in Sources */ = {isa = PBXBuildFile; fileRef = D7F9CCAD95A8B3BC31FAC73D /* TodayView.swift */; };
		3C12A890080E7229DD8C5DD4 /* TimelineEngine.swift in Sources */ = {isa = PBXBuildFile; fileRef = 7BCF00CEA0A559FD7217FD93 /* TimelineEngine.swift */; };
		3F0AFEA4DD2B3336E26BB654 /* SystemEventRecognitionCoordinatorTests.swift in Sources */ = {isa = PBXBuildFile; fileRef = 3E939AA89EC67F964F184E9F /* SystemEventRecognitionCoordinatorTests.swift */; };
		43306A7001C18FB42ADFB3F8 /* RecognitionProvider.swift in Sources */ = {isa = PBXBuildFile; fileRef = 11A611540DA5E60CB389AB26 /* RecognitionProvider.swift */; };
		46CD6777F1132878CA2097D1 /* TimelineGrouping.swift in Sources */ = {isa = PBXBuildFile; fileRef = 654B01ACEFF0AD692C0B2961 /* TimelineGrouping.swift */; };
		473C1E628C60D03F7236547C /* ActivityCoordinator.swift in Sources */ = {isa = PBXBuildFile; fileRef = 57445D879DB7069DBC6ACDC5 /* ActivityCoordinator.swift */; };
		4762E05BD9BE126DE68DA375 /* EventTemplateFactory.swift in Sources */ = {isa = PBXBuildFile; fileRef = 29B6BA561EE6F59282828F22 /* EventTemplateFactory.swift */; };
		4E29BA57FECC01043474504D /* APIKeyStore.swift in Sources */ = {isa = PBXBuildFile; fileRef = 9FFF02FFA689038CCB31C51C /* APIKeyStore.swift */; };
		5020840DF9867F8C2440DEC9 /* ModelTests.swift in Sources */ = {isa = PBXBuildFile; fileRef = 0C43BF53CDA6ECA0B1D6EBFF /* ModelTests.swift */; };
		50F951B68AF5FAB9F5AB9D84 /* SnapshotStoreTests.swift in Sources */ = {isa = PBXBuildFile; fileRef = D29F7B1D887BEF3318BC22E2 /* SnapshotStoreTests.swift */; };
		5256453536F82ADE93A6F560 /* TodayViewModel.swift in Sources */ = {isa = PBXBuildFile; fileRef = 6AE18E3A3D8462BEF5F0D539 /* TodayViewModel.swift */; };
		52ADBC232F894542A4192FAE /* OpenAIRecognitionProviderTests.swift in Sources */ = {isa = PBXBuildFile; fileRef = F62D02D5A83E462D37DA14EE /* OpenAIRecognitionProviderTests.swift */; };
		52BDAC3CE8EF089B8200CE10 /* SettingsStoreTests.swift in Sources */ = {isa = PBXBuildFile; fileRef = 5C25D81314C360E33205A426 /* SettingsStoreTests.swift */; };
		5836C37E4AB4EC1F68B6C8F1 /* ItemDetailActionTests.swift in Sources */ = {isa = PBXBuildFile; fileRef = 039834399FFB7E60E6C39C1D /* ItemDetailActionTests.swift */; };
		58E410A459C2974A19C1C55C /* EventKitGateway.swift in Sources */ = {isa = PBXBuildFile; fileRef = 93485E4387F4131269A9CB17 /* EventKitGateway.swift */; };
		5A4F0B9668F54C69D411F2DC /* TodayPresentationTests.swift in Sources */ = {isa = PBXBuildFile; fileRef = 6AB55EAD31CF9114728836CE /* TodayPresentationTests.swift */; };
		5BEEB285930BADB1698B4A16 /* OnboardingModel.swift in Sources */ = {isa = PBXBuildFile; fileRef = E88829ECF83C9EF968D57795 /* OnboardingModel.swift */; };
		5EACAAF411C3677BFBCF8A90 /* SmokeTests.swift in Sources */ = {isa = PBXBuildFile; fileRef = 43BE19C94616A5319710B74C /* SmokeTests.swift */; };
		65B7FC92FCE170EB87F05907 /* PeckerActivityAttributes.swift in Sources */ = {isa = PBXBuildFile; fileRef = E7CB769B36F0251786BE6C84 /* PeckerActivityAttributes.swift */; };
		6C4C18FBF3581A8FFD9DF0BD /* TimelineCard.swift in Sources */ = {isa = PBXBuildFile; fileRef = 893D8847FA14CF3D382D72DA /* TimelineCard.swift */; };
		76B41D5AD7894B8696E6650D /* libPeckerCore.a in Frameworks */ = {isa = PBXBuildFile; fileRef = 0326C97B74B79A291ADB48FA /* libPeckerCore.a */; };
		85062EE5DB1B24D856F32F1B /* FullTimelineView.swift in Sources */ = {isa = PBXBuildFile; fileRef = F3970F963E48BEED739F23D9 /* FullTimelineView.swift */; };
		88E4838DF7C0565E97B5F4DB /* TodayPresentation.swift in Sources */ = {isa = PBXBuildFile; fileRef = E9E916A64D9C5437B74083A0 /* TodayPresentation.swift */; };
		895C321CAECBDE8B4A88450D /* TodayPreviewFixtures.swift in Sources */ = {isa = PBXBuildFile; fileRef = EA1A1C1B94B7E4BABF76F56B /* TodayPreviewFixtures.swift */; };
		8E86012BDB4DB612CAB67524 /* SystemEventRecognitionCoordinator.swift in Sources */ = {isa = PBXBuildFile; fileRef = 00A5DACD2EAEA953EEF8761B /* SystemEventRecognitionCoordinator.swift */; };
		98A5BEBF213A883687E630B4 /* TimelineGroupingTests.swift in Sources */ = {isa = PBXBuildFile; fileRef = 994A69FA475759C21AF81606 /* TimelineGroupingTests.swift */; };
		9DDEEFD02099D01BF5B9AB0F /* Assets.xcassets in Resources */ = {isa = PBXBuildFile; fileRef = C5DA4F9B608C3853BD5C7C55 /* Assets.xcassets */; };
		A22A10AAC05921E73634805E /* TodaySnapshot.swift in Sources */ = {isa = PBXBuildFile; fileRef = 573E42B49B1C6CFDA4A5CB0B /* TodaySnapshot.swift */; };
		A83E8F5A004C4A655E16BA9B /* ItemDetailView.swift in Sources */ = {isa = PBXBuildFile; fileRef = CE836F09322111FAF97F46BD /* ItemDetailView.swift */; };
		ADA29F053B0A1C6190387FAA /* AppGroup.swift in Sources */ = {isa = PBXBuildFile; fileRef = E7C45B689809643A0E569744 /* AppGroup.swift */; };
		B4C465A8034618E774EB554E /* EventKitGatewayProtocol.swift in Sources */ = {isa = PBXBuildFile; fileRef = A8EE651D086F62C53810B2FE /* EventKitGatewayProtocol.swift */; };
		B7882A7EC5D854AF217F8A92 /* PeckerLiveActivityBundle.swift in Sources */ = {isa = PBXBuildFile; fileRef = 36AE66BA85521E6D53AF3AC1 /* PeckerLiveActivityBundle.swift */; };
		B8A0301D482CF2E70727C9CB /* AppModel.swift in Sources */ = {isa = PBXBuildFile; fileRef = 83AF32813BC226C5DA46D1C2 /* AppModel.swift */; };
		BA282CCF41DEF9D1EBA362D1 /* PeckerLiveActivityPresentation.swift in Sources */ = {isa = PBXBuildFile; fileRef = 960B54083A9011E5155EE491 /* PeckerLiveActivityPresentation.swift */; };
		BAB7DE2AD60161D1A6694126 /* TimelineItem.swift in Sources */ = {isa = PBXBuildFile; fileRef = F41A432CBEB3F03A8AFAC8BA /* TimelineItem.swift */; };
		BB3C7443B19E8A223DDA6ADD /* EventKitMapper.swift in Sources */ = {isa = PBXBuildFile; fileRef = B38BC7D2B84277A56EF33208 /* EventKitMapper.swift */; };
		BC0D9CD918F62FD91633C988 /* SnapshotStore.swift in Sources */ = {isa = PBXBuildFile; fileRef = DFFA24CB4A84FFD20D7317CC /* SnapshotStore.swift */; };
		BD8CAF73F418A0CEC3B48614 /* OpenAIRecognitionProvider.swift in Sources */ = {isa = PBXBuildFile; fileRef = 623FE5114396A1D0CFBF42D0 /* OpenAIRecognitionProvider.swift */; };
		BE7CB012ABC6E793E92D487A /* libPeckerCore.a in Frameworks */ = {isa = PBXBuildFile; fileRef = 0326C97B74B79A291ADB48FA /* libPeckerCore.a */; };
		C0EFD0ECF3737492AB10A20B /* libPeckerCore.a in Frameworks */ = {isa = PBXBuildFile; fileRef = 0326C97B74B79A291ADB48FA /* libPeckerCore.a */; };
		C10CB4B816A6CDEE892BDD77 /* TimelineTheme.swift in Sources */ = {isa = PBXBuildFile; fileRef = 0DD7E2595C59D7468FFFDBED /* TimelineTheme.swift */; };
		C79D43CE924CA80FB6AB63FF /* PeckerLiveActivityWidget.swift in Sources */ = {isa = PBXBuildFile; fileRef = 91F6FCD16FB397FB32E84A44 /* PeckerLiveActivityWidget.swift */; };
		CDE02B67D1F9EA0371949419 /* ActivityClient.swift in Sources */ = {isa = PBXBuildFile; fileRef = C6FF99F545E305EE9C7D4B08 /* ActivityClient.swift */; };
		CF6D607EDFA15302D167DA2C /* CameraCaptureView.swift in Sources */ = {isa = PBXBuildFile; fileRef = B7DF2C74AA6B351A6FC4768D /* CameraCaptureView.swift */; };
		D1BD5DBE059A7F95A632E521 /* ActivityCoordinatorTests.swift in Sources */ = {isa = PBXBuildFile; fileRef = 46AAEA61125C158D814DE509 /* ActivityCoordinatorTests.swift */; };
		D41DB4A684B26856DE13AC09 /* SettingsStore.swift in Sources */ = {isa = PBXBuildFile; fileRef = 8134030577E59314232590A8 /* SettingsStore.swift */; };
		D566E16684392869C37C03F1 /* LockScreenLiveActivityView.swift in Sources */ = {isa = PBXBuildFile; fileRef = DC0BA5F9CC623200A601A031 /* LockScreenLiveActivityView.swift */; };
		D76AECD6E370FF8D3B403D41 /* DynamicIslandLiveActivityView.swift in Sources */ = {isa = PBXBuildFile; fileRef = 20B446A131697E3ED5E70BA8 /* DynamicIslandLiveActivityView.swift */; };
		D949375BFD6BFC679D8AD801 /* TimelineStates.swift in Sources */ = {isa = PBXBuildFile; fileRef = F8C886AC39412B52044E57BA /* TimelineStates.swift */; };
		D993DAB4ED7AB12BDECEDE9C /* EventKitMapperTests.swift in Sources */ = {isa = PBXBuildFile; fileRef = B6B1A611EC65F927F6D7DCEE /* EventKitMapperTests.swift */; };
		DC0CECCDD3F4064E0DADC0A0 /* TodayViewModelTests.swift in Sources */ = {isa = PBXBuildFile; fileRef = 5B4489693CAF3A57D41490D8 /* TodayViewModelTests.swift */; };
		E0F9967027C774250F64642D /* EventTemplateFactoryTests.swift in Sources */ = {isa = PBXBuildFile; fileRef = B46B5DE45BF51AFA7211A9A7 /* EventTemplateFactoryTests.swift */; };
		E263F10E2981F75BE5F8D626 /* RecognitionModelTests.swift in Sources */ = {isa = PBXBuildFile; fileRef = FBE7C05294B46B68D0C1C377 /* RecognitionModelTests.swift */; };
		EE2835E7A4D6DAFFAEDED3CB /* TimelineSettings.swift in Sources */ = {isa = PBXBuildFile; fileRef = 36884117D84F207788BD9DF4 /* TimelineSettings.swift */; };
		EE85E349417FE3DD3A2DFAA0 /* ImageRecognitionStore.swift in Sources */ = {isa = PBXBuildFile; fileRef = A9C4C68DBE73EC197B101CF0 /* ImageRecognitionStore.swift */; };
		F16DD9FF2C5E48A4A61B655A /* TodayScreenContent.swift in Sources */ = {isa = PBXBuildFile; fileRef = CB7164D146943F27FF67475F /* TodayScreenContent.swift */; };
		F3CCD51A1E39912F08FA7D3C /* TimelineClassifierTests.swift in Sources */ = {isa = PBXBuildFile; fileRef = 5FA8A253064F4238B26398B6 /* TimelineClassifierTests.swift */; };
		F5952A3407A941C73BA114DE /* SettingsView.swift in Sources */ = {isa = PBXBuildFile; fileRef = 888FCA95EF551A9228FC7260 /* SettingsView.swift */; };
		FF789AB688DD8B813D1A737A /* PeckerLiveActivityPresentation.swift in Sources */ = {isa = PBXBuildFile; fileRef = 960B54083A9011E5155EE491 /* PeckerLiveActivityPresentation.swift */; };
/* End PBXBuildFile section */

/* Begin PBXContainerItemProxy section */
		12387056C7D6C8E6B3F8ACEA /* PBXContainerItemProxy */ = {
			isa = PBXContainerItemProxy;
			containerPortal = B5C9BA6B63A0F0797C297241 /* Project object */;
			proxyType = 1;
			remoteGlobalIDString = FEBFDD3DC2FBA7CC6EA4CBB0;
			remoteInfo = PeckerLiveActivity;
		};
		2880382B0C725803228346CD /* PBXContainerItemProxy */ = {
			isa = PBXContainerItemProxy;
			containerPortal = B5C9BA6B63A0F0797C297241 /* Project object */;
			proxyType = 1;
			remoteGlobalIDString = 44611A7FE143DACF53035517;
			remoteInfo = PeckerCore;
		};
		A4642D213816566D8838C036 /* PBXContainerItemProxy */ = {
			isa = PBXContainerItemProxy;
			containerPortal = B5C9BA6B63A0F0797C297241 /* Project object */;
			proxyType = 1;
			remoteGlobalIDString = 07F424BE48489BC5EF2C968E;
			remoteInfo = Pecker;
		};
		CE8BFB136C85A3BD5429C058 /* PBXContainerItemProxy */ = {
			isa = PBXContainerItemProxy;
			containerPortal = B5C9BA6B63A0F0797C297241 /* Project object */;
			proxyType = 1;
			remoteGlobalIDString = 44611A7FE143DACF53035517;
			remoteInfo = PeckerCore;
		};
		F34F69B6842181E6440A8CD8 /* PBXContainerItemProxy */ = {
			isa = PBXContainerItemProxy;
			containerPortal = B5C9BA6B63A0F0797C297241 /* Project object */;
			proxyType = 1;
			remoteGlobalIDString = 44611A7FE143DACF53035517;
			remoteInfo = PeckerCore;
		};
/* End PBXContainerItemProxy section */

/* Begin PBXCopyFilesBuildPhase section */
		1D25A9F8ED94FA7381736BA4 /* Embed Foundation Extensions */ = {
			isa = PBXCopyFilesBuildPhase;
			buildActionMask = 2147483647;
			dstPath = "";
			dstSubfolderSpec = 13;
			files = (
				22BBA3184BB980AFA9618184 /* PeckerLiveActivity.appex in Embed Foundation Extensions */,
			);
			name = "Embed Foundation Extensions";
			runOnlyForDeploymentPostprocessing = 0;
		};
/* End PBXCopyFilesBuildPhase section */

/* Begin PBXFileReference section */
		00A5DACD2EAEA953EEF8761B /* SystemEventRecognitionCoordinator.swift */ = {isa = PBXFileReference; lastKnownFileType = sourcecode.swift; path = SystemEventRecognitionCoordinator.swift; sourceTree = "<group>"; };
		0326C97B74B79A291ADB48FA /* libPeckerCore.a */ = {isa = PBXFileReference; includeInIndex = 0; lastKnownFileType = archive.ar; path = libPeckerCore.a; sourceTree = BUILT_PRODUCTS_DIR; };
		039834399FFB7E60E6C39C1D /* ItemDetailActionTests.swift */ = {isa = PBXFileReference; lastKnownFileType = sourcecode.swift; path = ItemDetailActionTests.swift; sourceTree = "<group>"; };
		0BC3B78E0B4324773D3D0158 /* Info.plist */ = {isa = PBXFileReference; lastKnownFileType = text.plist; path = Info.plist; sourceTree = "<group>"; };
		0C43BF53CDA6ECA0B1D6EBFF /* ModelTests.swift */ = {isa = PBXFileReference; lastKnownFileType = sourcecode.swift; path = ModelTests.swift; sourceTree = "<group>"; };
		0CD66C795E57B87001669D03 /* PeckerCoreTests.xctest */ = {isa = PBXFileReference; includeInIndex = 0; lastKnownFileType = wrapper.cfbundle; path = PeckerCoreTests.xctest; sourceTree = BUILT_PRODUCTS_DIR; };
		0DD7E2595C59D7468FFFDBED /* TimelineTheme.swift */ = {isa = PBXFileReference; lastKnownFileType = sourcecode.swift; path = TimelineTheme.swift; sourceTree = "<group>"; };
		11A611540DA5E60CB389AB26 /* RecognitionProvider.swift */ = {isa = PBXFileReference; lastKnownFileType = sourcecode.swift; path = RecognitionProvider.swift; sourceTree = "<group>"; };
		20B446A131697E3ED5E70BA8 /* DynamicIslandLiveActivityView.swift */ = {isa = PBXFileReference; lastKnownFileType = sourcecode.swift; path = DynamicIslandLiveActivityView.swift; sourceTree = "<group>"; };
		29B6BA561EE6F59282828F22 /* EventTemplateFactory.swift */ = {isa = PBXFileReference; lastKnownFileType = sourcecode.swift; path = EventTemplateFactory.swift; sourceTree = "<group>"; };
		36884117D84F207788BD9DF4 /* TimelineSettings.swift */ = {isa = PBXFileReference; lastKnownFileType = sourcecode.swift; path = TimelineSettings.swift; sourceTree = "<group>"; };
		36AE66BA85521E6D53AF3AC1 /* PeckerLiveActivityBundle.swift */ = {isa = PBXFileReference; lastKnownFileType = sourcecode.swift; path = PeckerLiveActivityBundle.swift; sourceTree = "<group>"; };
		3E939AA89EC67F964F184E9F /* SystemEventRecognitionCoordinatorTests.swift */ = {isa = PBXFileReference; lastKnownFileType = sourcecode.swift; path = SystemEventRecognitionCoordinatorTests.swift; sourceTree = "<group>"; };
		43BE19C94616A5319710B74C /* SmokeTests.swift */ = {isa = PBXFileReference; lastKnownFileType = sourcecode.swift; path = SmokeTests.swift; sourceTree = "<group>"; };
		46AAEA61125C158D814DE509 /* ActivityCoordinatorTests.swift */ = {isa = PBXFileReference; lastKnownFileType = sourcecode.swift; path = ActivityCoordinatorTests.swift; sourceTree = "<group>"; };
		4BFA4D9DA38EC1902F69DCF8 /* SettingsViewModelTests.swift */ = {isa = PBXFileReference; lastKnownFileType = sourcecode.swift; path = SettingsViewModelTests.swift; sourceTree = "<group>"; };
		573E42B49B1C6CFDA4A5CB0B /* TodaySnapshot.swift */ = {isa = PBXFileReference; lastKnownFileType = sourcecode.swift; path = TodaySnapshot.swift; sourceTree = "<group>"; };
		57445D879DB7069DBC6ACDC5 /* ActivityCoordinator.swift */ = {isa = PBXFileReference; lastKnownFileType = sourcecode.swift; path = ActivityCoordinator.swift; sourceTree = "<group>"; };
		59A0BCB751762DCF620BA102 /* EventRepositoryTests.swift */ = {isa = PBXFileReference; lastKnownFileType = sourcecode.swift; path = EventRepositoryTests.swift; sourceTree = "<group>"; };
		5B4489693CAF3A57D41490D8 /* TodayViewModelTests.swift */ = {isa = PBXFileReference; lastKnownFileType = sourcecode.swift; path = TodayViewModelTests.swift; sourceTree = "<group>"; };
		5C25D81314C360E33205A426 /* SettingsStoreTests.swift */ = {isa = PBXFileReference; lastKnownFileType = sourcecode.swift; path = SettingsStoreTests.swift; sourceTree = "<group>"; };
		5FA8A253064F4238B26398B6 /* TimelineClassifierTests.swift */ = {isa = PBXFileReference; lastKnownFileType = sourcecode.swift; path = TimelineClassifierTests.swift; sourceTree = "<group>"; };
		623FE5114396A1D0CFBF42D0 /* OpenAIRecognitionProvider.swift */ = {isa = PBXFileReference; lastKnownFileType = sourcecode.swift; path = OpenAIRecognitionProvider.swift; sourceTree = "<group>"; };
		654B01ACEFF0AD692C0B2961 /* TimelineGrouping.swift */ = {isa = PBXFileReference; lastKnownFileType = sourcecode.swift; path = TimelineGrouping.swift; sourceTree = "<group>"; };
		6AB55EAD31CF9114728836CE /* TodayPresentationTests.swift */ = {isa = PBXFileReference; lastKnownFileType = sourcecode.swift; path = TodayPresentationTests.swift; sourceTree = "<group>"; };
		6AE18E3A3D8462BEF5F0D539 /* TodayViewModel.swift */ = {isa = PBXFileReference; lastKnownFileType = sourcecode.swift; path = TodayViewModel.swift; sourceTree = "<group>"; };
		7455385DC3B1E7451E402D00 /* EventRepository.swift */ = {isa = PBXFileReference; lastKnownFileType = sourcecode.swift; path = EventRepository.swift; sourceTree = "<group>"; };
		77A3309D7C9F5E3A123D75A9 /* AppDependencies.swift */ = {isa = PBXFileReference; lastKnownFileType = sourcecode.swift; path = AppDependencies.swift; sourceTree = "<group>"; };
		7BCF00CEA0A559FD7217FD93 /* TimelineEngine.swift */ = {isa = PBXFileReference; lastKnownFileType = sourcecode.swift; path = TimelineEngine.swift; sourceTree = "<group>"; };
		7D9837CC561BDE560F0B2F31 /* Pecker.app */ = {isa = PBXFileReference; includeInIndex = 0; lastKnownFileType = wrapper.application; path = Pecker.app; sourceTree = BUILT_PRODUCTS_DIR; };
		801400D467F38808155B81EA /* TimelineClassifier.swift */ = {isa = PBXFileReference; lastKnownFileType = sourcecode.swift; path = TimelineClassifier.swift; sourceTree = "<group>"; };
		8134030577E59314232590A8 /* SettingsStore.swift */ = {isa = PBXFileReference; lastKnownFileType = sourcecode.swift; path = SettingsStore.swift; sourceTree = "<group>"; };
		83AF32813BC226C5DA46D1C2 /* AppModel.swift */ = {isa = PBXFileReference; lastKnownFileType = sourcecode.swift; path = AppModel.swift; sourceTree = "<group>"; };
		888FCA95EF551A9228FC7260 /* SettingsView.swift */ = {isa = PBXFileReference; lastKnownFileType = sourcecode.swift; path = SettingsView.swift; sourceTree = "<group>"; };
		893D8847FA14CF3D382D72DA /* TimelineCard.swift */ = {isa = PBXFileReference; lastKnownFileType = sourcecode.swift; path = TimelineCard.swift; sourceTree = "<group>"; };
		905C71DE2A54999B6D4A54C8 /* PeckerLiveActivity.appex */ = {isa = PBXFileReference; includeInIndex = 0; lastKnownFileType = "wrapper.app-extension"; path = PeckerLiveActivity.appex; sourceTree = BUILT_PRODUCTS_DIR; };
		91F6FCD16FB397FB32E84A44 /* PeckerLiveActivityWidget.swift */ = {isa = PBXFileReference; lastKnownFileType = sourcecode.swift; path = PeckerLiveActivityWidget.swift; sourceTree = "<group>"; };
		93485E4387F4131269A9CB17 /* EventKitGateway.swift */ = {isa = PBXFileReference; lastKnownFileType = sourcecode.swift; path = EventKitGateway.swift; sourceTree = "<group>"; };
		960B54083A9011E5155EE491 /* PeckerLiveActivityPresentation.swift */ = {isa = PBXFileReference; lastKnownFileType = sourcecode.swift; path = PeckerLiveActivityPresentation.swift; sourceTree = "<group>"; };
		994A69FA475759C21AF81606 /* TimelineGroupingTests.swift */ = {isa = PBXFileReference; lastKnownFileType = sourcecode.swift; path = TimelineGroupingTests.swift; sourceTree = "<group>"; };
		9FFF02FFA689038CCB31C51C /* APIKeyStore.swift */ = {isa = PBXFileReference; lastKnownFileType = sourcecode.swift; path = APIKeyStore.swift; sourceTree = "<group>"; };
		A8EE651D086F62C53810B2FE /* EventKitGatewayProtocol.swift */ = {isa = PBXFileReference; lastKnownFileType = sourcecode.swift; path = EventKitGatewayProtocol.swift; sourceTree = "<group>"; };
		A9C4C68DBE73EC197B101CF0 /* ImageRecognitionStore.swift */ = {isa = PBXFileReference; lastKnownFileType = sourcecode.swift; path = ImageRecognitionStore.swift; sourceTree = "<group>"; };
		B24228916E5F6E30C68D54A7 /* TimelineEngineTests.swift */ = {isa = PBXFileReference; lastKnownFileType = sourcecode.swift; path = TimelineEngineTests.swift; sourceTree = "<group>"; };
		B38BC7D2B84277A56EF33208 /* EventKitMapper.swift */ = {isa = PBXFileReference; lastKnownFileType = sourcecode.swift; path = EventKitMapper.swift; sourceTree = "<group>"; };
		B3ED5714B825EF64F00F6545 /* RecognitionModels.swift */ = {isa = PBXFileReference; lastKnownFileType = sourcecode.swift; path = RecognitionModels.swift; sourceTree = "<group>"; };
		B46B5DE45BF51AFA7211A9A7 /* EventTemplateFactoryTests.swift */ = {isa = PBXFileReference; lastKnownFileType = sourcecode.swift; path = EventTemplateFactoryTests.swift; sourceTree = "<group>"; };
		B6B1A611EC65F927F6D7DCEE /* EventKitMapperTests.swift */ = {isa = PBXFileReference; lastKnownFileType = sourcecode.swift; path = EventKitMapperTests.swift; sourceTree = "<group>"; };
		B7DF2C74AA6B351A6FC4768D /* CameraCaptureView.swift */ = {isa = PBXFileReference; lastKnownFileType = sourcecode.swift; path = CameraCaptureView.swift; sourceTree = "<group>"; };
		C5DA4F9B608C3853BD5C7C55 /* Assets.xcassets */ = {isa = PBXFileReference; lastKnownFileType = folder.assetcatalog; path = Assets.xcassets; sourceTree = "<group>"; };
		C6FF99F545E305EE9C7D4B08 /* ActivityClient.swift */ = {isa = PBXFileReference; lastKnownFileType = sourcecode.swift; path = ActivityClient.swift; sourceTree = "<group>"; };
		CB7164D146943F27FF67475F /* TodayScreenContent.swift */ = {isa = PBXFileReference; lastKnownFileType = sourcecode.swift; path = TodayScreenContent.swift; sourceTree = "<group>"; };
		CE836F09322111FAF97F46BD /* ItemDetailView.swift */ = {isa = PBXFileReference; lastKnownFileType = sourcecode.swift; path = ItemDetailView.swift; sourceTree = "<group>"; };
		D29F7B1D887BEF3318BC22E2 /* SnapshotStoreTests.swift */ = {isa = PBXFileReference; lastKnownFileType = sourcecode.swift; path = SnapshotStoreTests.swift; sourceTree = "<group>"; };
		D7F9CCAD95A8B3BC31FAC73D /* TodayView.swift */ = {isa = PBXFileReference; lastKnownFileType = sourcecode.swift; path = TodayView.swift; sourceTree = "<group>"; };
		DAEECB031A5C0E7E350974B9 /* LiveActivityPresentationTests.swift */ = {isa = PBXFileReference; lastKnownFileType = sourcecode.swift; path = LiveActivityPresentationTests.swift; sourceTree = "<group>"; };
		DC0BA5F9CC623200A601A031 /* LockScreenLiveActivityView.swift */ = {isa = PBXFileReference; lastKnownFileType = sourcecode.swift; path = LockScreenLiveActivityView.swift; sourceTree = "<group>"; };
		DFFA24CB4A84FFD20D7317CC /* SnapshotStore.swift */ = {isa = PBXFileReference; lastKnownFileType = sourcecode.swift; path = SnapshotStore.swift; sourceTree = "<group>"; };
		E125643CB612C366015BCD60 /* OnboardingStateTests.swift */ = {isa = PBXFileReference; lastKnownFileType = sourcecode.swift; path = OnboardingStateTests.swift; sourceTree = "<group>"; };
		E376ECD8DD9B8567E5DAF48A /* PeckerTests.xctest */ = {isa = PBXFileReference; includeInIndex = 0; lastKnownFileType = wrapper.cfbundle; path = PeckerTests.xctest; sourceTree = BUILT_PRODUCTS_DIR; };
		E7C45B689809643A0E569744 /* AppGroup.swift */ = {isa = PBXFileReference; lastKnownFileType = sourcecode.swift; path = AppGroup.swift; sourceTree = "<group>"; };
		E7CB769B36F0251786BE6C84 /* PeckerActivityAttributes.swift */ = {isa = PBXFileReference; lastKnownFileType = sourcecode.swift; path = PeckerActivityAttributes.swift; sourceTree = "<group>"; };
		E80A158B72D538CE0B38C7E5 /* PeckerApp.swift */ = {isa = PBXFileReference; lastKnownFileType = sourcecode.swift; path = PeckerApp.swift; sourceTree = "<group>"; };
		E88829ECF83C9EF968D57795 /* OnboardingModel.swift */ = {isa = PBXFileReference; lastKnownFileType = sourcecode.swift; path = OnboardingModel.swift; sourceTree = "<group>"; };
		E9E916A64D9C5437B74083A0 /* TodayPresentation.swift */ = {isa = PBXFileReference; lastKnownFileType = sourcecode.swift; path = TodayPresentation.swift; sourceTree = "<group>"; };
		EA1A1C1B94B7E4BABF76F56B /* TodayPreviewFixtures.swift */ = {isa = PBXFileReference; lastKnownFileType = sourcecode.swift; path = TodayPreviewFixtures.swift; sourceTree = "<group>"; };
		F0D4990B02AF45DADBD0CA1B /* PeckerLiveActivity.entitlements */ = {isa = PBXFileReference; lastKnownFileType = text.plist.entitlements; path = PeckerLiveActivity.entitlements; sourceTree = "<group>"; };
		F3970F963E48BEED739F23D9 /* FullTimelineView.swift */ = {isa = PBXFileReference; lastKnownFileType = sourcecode.swift; path = FullTimelineView.swift; sourceTree = "<group>"; };
		F41A432CBEB3F03A8AFAC8BA /* TimelineItem.swift */ = {isa = PBXFileReference; lastKnownFileType = sourcecode.swift; path = TimelineItem.swift; sourceTree = "<group>"; };
		F62D02D5A83E462D37DA14EE /* OpenAIRecognitionProviderTests.swift */ = {isa = PBXFileReference; lastKnownFileType = sourcecode.swift; path = OpenAIRecognitionProviderTests.swift; sourceTree = "<group>"; };
		F8C886AC39412B52044E57BA /* TimelineStates.swift */ = {isa = PBXFileReference; lastKnownFileType = sourcecode.swift; path = TimelineStates.swift; sourceTree = "<group>"; };
		FBE7C05294B46B68D0C1C377 /* RecognitionModelTests.swift */ = {isa = PBXFileReference; lastKnownFileType = sourcecode.swift; path = RecognitionModelTests.swift; sourceTree = "<group>"; };
		FF43BE233A9F68C253E25D35 /* OnboardingView.swift */ = {isa = PBXFileReference; lastKnownFileType = sourcecode.swift; path = OnboardingView.swift; sourceTree = "<group>"; };
/* End PBXFileReference section */

/* Begin PBXFrameworksBuildPhase section */
		03942C001AF2B19D62C8C528 /* Frameworks */ = {
			isa = PBXFrameworksBuildPhase;
			buildActionMask = 2147483647;
			files = (
				BE7CB012ABC6E793E92D487A /* libPeckerCore.a in Frameworks */,
			);
			runOnlyForDeploymentPostprocessing = 0;
		};
		1B8ACEDF8F68906876A838CC /* Frameworks */ = {
			isa = PBXFrameworksBuildPhase;
			buildActionMask = 2147483647;
			files = (
				C0EFD0ECF3737492AB10A20B /* libPeckerCore.a in Frameworks */,
			);
			runOnlyForDeploymentPostprocessing = 0;
		};
		4EB431DF1BDECD72AAEC8558 /* Frameworks */ = {
			isa = PBXFrameworksBuildPhase;
			buildActionMask = 2147483647;
			files = (
				76B41D5AD7894B8696E6650D /* libPeckerCore.a in Frameworks */,
			);
			runOnlyForDeploymentPostprocessing = 0;
		};
/* End PBXFrameworksBuildPhase section */

/* Begin PBXGroup section */
		032177B112F4B4F4FBF2824D /* Recognition */ = {
			isa = PBXGroup;
			children = (
				623FE5114396A1D0CFBF42D0 /* OpenAIRecognitionProvider.swift */,
				B3ED5714B825EF64F00F6545 /* RecognitionModels.swift */,
				11A611540DA5E60CB389AB26 /* RecognitionProvider.swift */,
			);
			path = Recognition;
			sourceTree = "<group>";
		};
		05DD7C864E75F3F2641AF0A7 /* Timeline */ = {
			isa = PBXGroup;
			children = (
				F3970F963E48BEED739F23D9 /* FullTimelineView.swift */,
				654B01ACEFF0AD692C0B2961 /* TimelineGrouping.swift */,
			);
			name = Timeline;
			path = Pecker/Features/Timeline;
			sourceTree = "<group>";
		};
		07B93A00582459990F16430E /* Today */ = {
			isa = PBXGroup;
			children = (
				E9E916A64D9C5437B74083A0 /* TodayPresentation.swift */,
				EA1A1C1B94B7E4BABF76F56B /* TodayPreviewFixtures.swift */,
				CB7164D146943F27FF67475F /* TodayScreenContent.swift */,
				D7F9CCAD95A8B3BC31FAC73D /* TodayView.swift */,
				6AE18E3A3D8462BEF5F0D539 /* TodayViewModel.swift */,
			);
			name = Today;
			path = Pecker/Features/Today;
			sourceTree = "<group>";
		};
		0CB86DCDDEF05995FC075958 = {
			isa = PBXGroup;
			children = (
				DEA067BF2E52E7B6BF29B063 /* Activity */,
				F917C4EF6A354D4CFE6160F3 /* App */,
				5585EAB0CFA5B187DCC769B2 /* Design */,
				34CBCD65A178FC90DC4D29FC /* Detail */,
				DB3B9A869F9585BFA9542503 /* EventKit */,
				E8B86FE886310E073E1724EE /* Onboarding */,
				7636FBDC97F5169DE95622C4 /* PeckerCore */,
				A38601B15EDBA4C078327AA6 /* PeckerCoreTests */,
				71ACB8ECE6666BD90550A4D4 /* PeckerLiveActivity */,
				C0D2E7BDECB1738AF191628D /* PeckerTests */,
				F99B835FE16211888A6AA795 /* Persistence */,
				8462995243F9DDCF94B32219 /* Recognition */,
				6C93FB344A8E4723820C3E9A /* Resources */,
				14E764D89F2CD7C4AD67EE4E /* Settings */,
				68D1AD926E0EB76D6716C28B /* Shared */,
				79CEB4279411A44951D72843 /* Shared */,
				05DD7C864E75F3F2641AF0A7 /* Timeline */,
				07B93A00582459990F16430E /* Today */,
				4E607E179953568EDFD07713 /* Products */,
			);
			sourceTree = "<group>";
		};
		14E764D89F2CD7C4AD67EE4E /* Settings */ = {
			isa = PBXGroup;
			children = (
				B7DF2C74AA6B351A6FC4768D /* CameraCaptureView.swift */,
				888FCA95EF551A9228FC7260 /* SettingsView.swift */,
			);
			name = Settings;
			path = Pecker/Features/Settings;
			sourceTree = "<group>";
		};
		34CBCD65A178FC90DC4D29FC /* Detail */ = {
			isa = PBXGroup;
			children = (
				CE836F09322111FAF97F46BD /* ItemDetailView.swift */,
			);
			name = Detail;
			path = Pecker/Features/Detail;
			sourceTree = "<group>";
		};
		4E607E179953568EDFD07713 /* Products */ = {
			isa = PBXGroup;
			children = (
				0326C97B74B79A291ADB48FA /* libPeckerCore.a */,
				7D9837CC561BDE560F0B2F31 /* Pecker.app */,
				0CD66C795E57B87001669D03 /* PeckerCoreTests.xctest */,
				905C71DE2A54999B6D4A54C8 /* PeckerLiveActivity.appex */,
				E376ECD8DD9B8567E5DAF48A /* PeckerTests.xctest */,
			);
			name = Products;
			sourceTree = "<group>";
		};
		5585EAB0CFA5B187DCC769B2 /* Design */ = {
			isa = PBXGroup;
			children = (
				893D8847FA14CF3D382D72DA /* TimelineCard.swift */,
				0DD7E2595C59D7468FFFDBED /* TimelineTheme.swift */,
			);
			name = Design;
			path = Pecker/Design;
			sourceTree = "<group>";
		};
		68D1AD926E0EB76D6716C28B /* Shared */ = {
			isa = PBXGroup;
			children = (
				E7CB769B36F0251786BE6C84 /* PeckerActivityAttributes.swift */,
				960B54083A9011E5155EE491 /* PeckerLiveActivityPresentation.swift */,
			);
			path = Shared;
			sourceTree = "<group>";
		};
		6C93FB344A8E4723820C3E9A /* Resources */ = {
			isa = PBXGroup;
			children = (
				C5DA4F9B608C3853BD5C7C55 /* Assets.xcassets */,
			);
			name = Resources;
			path = Pecker/Resources;
			sourceTree = "<group>";
		};
		71ACB8ECE6666BD90550A4D4 /* PeckerLiveActivity */ = {
			isa = PBXGroup;
			children = (
				20B446A131697E3ED5E70BA8 /* DynamicIslandLiveActivityView.swift */,
				0BC3B78E0B4324773D3D0158 /* Info.plist */,
				DC0BA5F9CC623200A601A031 /* LockScreenLiveActivityView.swift */,
				F0D4990B02AF45DADBD0CA1B /* PeckerLiveActivity.entitlements */,
				36AE66BA85521E6D53AF3AC1 /* PeckerLiveActivityBundle.swift */,
				91F6FCD16FB397FB32E84A44 /* PeckerLiveActivityWidget.swift */,
			);
			path = PeckerLiveActivity;
			sourceTree = "<group>";
		};
		71F4CC4A3FB1BC2907EFDC93 /* Storage */ = {
			isa = PBXGroup;
			children = (
				7455385DC3B1E7451E402D00 /* EventRepository.swift */,
				DFFA24CB4A84FFD20D7317CC /* SnapshotStore.swift */,
			);
			path = Storage;
			sourceTree = "<group>";
		};
		7636FBDC97F5169DE95622C4 /* PeckerCore */ = {
			isa = PBXGroup;
			children = (
				DA2B46D8CAA71E5F2770864A /* Classification */,
				E80BF398FE106E6BA1C10D0E /* Engine */,
				A96A4F85E642B2B0F129FCA8 /* Models */,
				032177B112F4B4F4FBF2824D /* Recognition */,
				71F4CC4A3FB1BC2907EFDC93 /* Storage */,
			);
			name = PeckerCore;
			path = Sources/PeckerCore;
			sourceTree = "<group>";
		};
		79CEB4279411A44951D72843 /* Shared */ = {
			isa = PBXGroup;
			children = (
				F8C886AC39412B52044E57BA /* TimelineStates.swift */,
			);
			name = Shared;
			path = Pecker/Features/Shared;
			sourceTree = "<group>";
		};
		8462995243F9DDCF94B32219 /* Recognition */ = {
			isa = PBXGroup;
			children = (
				A9C4C68DBE73EC197B101CF0 /* ImageRecognitionStore.swift */,
				00A5DACD2EAEA953EEF8761B /* SystemEventRecognitionCoordinator.swift */,
			);
			name = Recognition;
			path = Pecker/Recognition;
			sourceTree = "<group>";
		};
		A38601B15EDBA4C078327AA6 /* PeckerCoreTests */ = {
			isa = PBXGroup;
			children = (
				59A0BCB751762DCF620BA102 /* EventRepositoryTests.swift */,
				B46B5DE45BF51AFA7211A9A7 /* EventTemplateFactoryTests.swift */,
				0C43BF53CDA6ECA0B1D6EBFF /* ModelTests.swift */,
				F62D02D5A83E462D37DA14EE /* OpenAIRecognitionProviderTests.swift */,
				FBE7C05294B46B68D0C1C377 /* RecognitionModelTests.swift */,
				D29F7B1D887BEF3318BC22E2 /* SnapshotStoreTests.swift */,
				5FA8A253064F4238B26398B6 /* TimelineClassifierTests.swift */,
				B24228916E5F6E30C68D54A7 /* TimelineEngineTests.swift */,
			);
			name = PeckerCoreTests;
			path = Tests/PeckerCoreTests;
			sourceTree = "<group>";
		};
		A96A4F85E642B2B0F129FCA8 /* Models */ = {
			isa = PBXGroup;
			children = (
				F41A432CBEB3F03A8AFAC8BA /* TimelineItem.swift */,
				36884117D84F207788BD9DF4 /* TimelineSettings.swift */,
				573E42B49B1C6CFDA4A5CB0B /* TodaySnapshot.swift */,
			);
			path = Models;
			sourceTree = "<group>";
		};
		C0D2E7BDECB1738AF191628D /* PeckerTests */ = {
			isa = PBXGroup;
			children = (
				46AAEA61125C158D814DE509 /* ActivityCoordinatorTests.swift */,
				B6B1A611EC65F927F6D7DCEE /* EventKitMapperTests.swift */,
				039834399FFB7E60E6C39C1D /* ItemDetailActionTests.swift */,
				DAEECB031A5C0E7E350974B9 /* LiveActivityPresentationTests.swift */,
				E125643CB612C366015BCD60 /* OnboardingStateTests.swift */,
				5C25D81314C360E33205A426 /* SettingsStoreTests.swift */,
				4BFA4D9DA38EC1902F69DCF8 /* SettingsViewModelTests.swift */,
				43BE19C94616A5319710B74C /* SmokeTests.swift */,
				3E939AA89EC67F964F184E9F /* SystemEventRecognitionCoordinatorTests.swift */,
				994A69FA475759C21AF81606 /* TimelineGroupingTests.swift */,
				6AB55EAD31CF9114728836CE /* TodayPresentationTests.swift */,
				5B4489693CAF3A57D41490D8 /* TodayViewModelTests.swift */,
			);
			path = PeckerTests;
			sourceTree = "<group>";
		};
		DA2B46D8CAA71E5F2770864A /* Classification */ = {
			isa = PBXGroup;
			children = (
				29B6BA561EE6F59282828F22 /* EventTemplateFactory.swift */,
				801400D467F38808155B81EA /* TimelineClassifier.swift */,
			);
			path = Classification;
			sourceTree = "<group>";
		};
		DB3B9A869F9585BFA9542503 /* EventKit */ = {
			isa = PBXGroup;
			children = (
				93485E4387F4131269A9CB17 /* EventKitGateway.swift */,
				A8EE651D086F62C53810B2FE /* EventKitGatewayProtocol.swift */,
				B38BC7D2B84277A56EF33208 /* EventKitMapper.swift */,
			);
			name = EventKit;
			path = Pecker/EventKit;
			sourceTree = "<group>";
		};
		DEA067BF2E52E7B6BF29B063 /* Activity */ = {
			isa = PBXGroup;
			children = (
				C6FF99F545E305EE9C7D4B08 /* ActivityClient.swift */,
				57445D879DB7069DBC6ACDC5 /* ActivityCoordinator.swift */,
			);
			name = Activity;
			path = Pecker/Activity;
			sourceTree = "<group>";
		};
		E80BF398FE106E6BA1C10D0E /* Engine */ = {
			isa = PBXGroup;
			children = (
				7BCF00CEA0A559FD7217FD93 /* TimelineEngine.swift */,
			);
			path = Engine;
			sourceTree = "<group>";
		};
		E8B86FE886310E073E1724EE /* Onboarding */ = {
			isa = PBXGroup;
			children = (
				E88829ECF83C9EF968D57795 /* OnboardingModel.swift */,
				FF43BE233A9F68C253E25D35 /* OnboardingView.swift */,
			);
			name = Onboarding;
			path = Pecker/Features/Onboarding;
			sourceTree = "<group>";
		};
		F917C4EF6A354D4CFE6160F3 /* App */ = {
			isa = PBXGroup;
			children = (
				77A3309D7C9F5E3A123D75A9 /* AppDependencies.swift */,
				83AF32813BC226C5DA46D1C2 /* AppModel.swift */,
				E80A158B72D538CE0B38C7E5 /* PeckerApp.swift */,
			);
			name = App;
			path = Pecker/App;
			sourceTree = "<group>";
		};
		F99B835FE16211888A6AA795 /* Persistence */ = {
			isa = PBXGroup;
			children = (
				9FFF02FFA689038CCB31C51C /* APIKeyStore.swift */,
				E7C45B689809643A0E569744 /* AppGroup.swift */,
				8134030577E59314232590A8 /* SettingsStore.swift */,
			);
			name = Persistence;
			path = Pecker/Persistence;
			sourceTree = "<group>";
		};
/* End PBXGroup section */

/* Begin PBXNativeTarget section */
		07F424BE48489BC5EF2C968E /* Pecker */ = {
			isa = PBXNativeTarget;
			buildConfigurationList = 798B8ADF5A8647AEA83BD9E8 /* Build configuration list for PBXNativeTarget "Pecker" */;
			buildPhases = (
				6AF3E02D4F924BAA47FA8D80 /* Sources */,
				3D0CA0006D2ACE61A664F72E /* Resources */,
				4EB431DF1BDECD72AAEC8558 /* Frameworks */,
				1D25A9F8ED94FA7381736BA4 /* Embed Foundation Extensions */,
			);
			buildRules = (
			);
			dependencies = (
				B55DECF48BCB108ABDDAC4FF /* PBXTargetDependency */,
				BA927D3A806942EA5E0A811C /* PBXTargetDependency */,
			);
			name = Pecker;
			packageProductDependencies = (
			);
			productName = Pecker;
			productReference = 7D9837CC561BDE560F0B2F31 /* Pecker.app */;
			productType = "com.apple.product-type.application";
		};
		44611A7FE143DACF53035517 /* PeckerCore */ = {
			isa = PBXNativeTarget;
			buildConfigurationList = 9CA8B8A2AF462A859909D117 /* Build configuration list for PBXNativeTarget "PeckerCore" */;
			buildPhases = (
				F7DEE62446E7982A2A2ABB12 /* Sources */,
				74D5FE49F83D6E7053F5E9D8 /* Copy Swift Objective-C Interface Header */,
			);
			buildRules = (
			);
			dependencies = (
			);
			name = PeckerCore;
			packageProductDependencies = (
			);
			productName = PeckerCore;
			productReference = 0326C97B74B79A291ADB48FA /* libPeckerCore.a */;
			productType = "com.apple.product-type.library.static";
		};
		598057C341DA1B20314BE7BE /* PeckerTests */ = {
			isa = PBXNativeTarget;
			buildConfigurationList = 9E8847DE842A3FA6C69DCE7D /* Build configuration list for PBXNativeTarget "PeckerTests" */;
			buildPhases = (
				E80806B2C2C584EBD0E76F70 /* Sources */,
			);
			buildRules = (
			);
			dependencies = (
				04CAECBCC45746B2EB4FF3A5 /* PBXTargetDependency */,
			);
			name = PeckerTests;
			packageProductDependencies = (
			);
			productName = PeckerTests;
			productReference = E376ECD8DD9B8567E5DAF48A /* PeckerTests.xctest */;
			productType = "com.apple.product-type.bundle.unit-test";
		};
		941CF7A271892604EA390BF1 /* PeckerCoreTests */ = {
			isa = PBXNativeTarget;
			buildConfigurationList = AD58E9471C45818B0AD8B5C5 /* Build configuration list for PBXNativeTarget "PeckerCoreTests" */;
			buildPhases = (
				A83F92EA2503513558D8C759 /* Sources */,
				03942C001AF2B19D62C8C528 /* Frameworks */,
			);
			buildRules = (
			);
			dependencies = (
				EC6EE5678F0C52156563DBB1 /* PBXTargetDependency */,
			);
			name = PeckerCoreTests;
			packageProductDependencies = (
			);
			productName = PeckerCoreTests;
			productReference = 0CD66C795E57B87001669D03 /* PeckerCoreTests.xctest */;
			productType = "com.apple.product-type.bundle.unit-test";
		};
		FEBFDD3DC2FBA7CC6EA4CBB0 /* PeckerLiveActivity */ = {
			isa = PBXNativeTarget;
			buildConfigurationList = B9B159A24DB5DB18BDD51DA1 /* Build configuration list for PBXNativeTarget "PeckerLiveActivity" */;
			buildPhases = (
				4BC496F3219D6E8AA40D2928 /* Sources */,
				1B8ACEDF8F68906876A838CC /* Frameworks */,
			);
			buildRules = (
			);
			dependencies = (
				0B90D8976DA329DCD88CE0B3 /* PBXTargetDependency */,
			);
			name = PeckerLiveActivity;
			packageProductDependencies = (
			);
			productName = PeckerLiveActivity;
			productReference = 905C71DE2A54999B6D4A54C8 /* PeckerLiveActivity.appex */;
			productType = "com.apple.product-type.app-extension";
		};
/* End PBXNativeTarget section */

/* Begin PBXProject section */
		B5C9BA6B63A0F0797C297241 /* Project object */ = {
			isa = PBXProject;
			attributes = {
				BuildIndependentTargetsInParallel = YES;
				LastUpgradeCheck = 1430;
				TargetAttributes = {
					07F424BE48489BC5EF2C968E = {
						DevelopmentTeam = LNQGSLWW24;
						ProvisioningStyle = Automatic;
					};
					FEBFDD3DC2FBA7CC6EA4CBB0 = {
						DevelopmentTeam = LNQGSLWW24;
						ProvisioningStyle = Automatic;
					};
				};
			};
			buildConfigurationList = 0D5ECAFDFB6312FBCB40B8C1 /* Build configuration list for PBXProject "Pecker" */;
			compatibilityVersion = "Xcode 14.0";
			developmentRegion = en;
			hasScannedForEncodings = 0;
			knownRegions = (
				Base,
				en,
			);
			mainGroup = 0CB86DCDDEF05995FC075958;
			minimizedProjectReferenceProxies = 1;
			preferredProjectObjectVersion = 54;
			projectDirPath = "";
			projectRoot = "";
			targets = (
				07F424BE48489BC5EF2C968E /* Pecker */,
				44611A7FE143DACF53035517 /* PeckerCore */,
				941CF7A271892604EA390BF1 /* PeckerCoreTests */,
				FEBFDD3DC2FBA7CC6EA4CBB0 /* PeckerLiveActivity */,
				598057C341DA1B20314BE7BE /* PeckerTests */,
			);
		};
/* End PBXProject section */

/* Begin PBXResourcesBuildPhase section */
		3D0CA0006D2ACE61A664F72E /* Resources */ = {
			isa = PBXResourcesBuildPhase;
			buildActionMask = 2147483647;
			files = (
				9DDEEFD02099D01BF5B9AB0F /* Assets.xcassets in Resources */,
			);
			runOnlyForDeploymentPostprocessing = 0;
		};
/* End PBXResourcesBuildPhase section */

/* Begin PBXShellScriptBuildPhase section */
		74D5FE49F83D6E7053F5E9D8 /* Copy Swift Objective-C Interface Header */ = {
			isa = PBXShellScriptBuildPhase;
			buildActionMask = 2147483647;
			files = (
			);
			inputPaths = (
				"$(DERIVED_SOURCES_DIR)/$(SWIFT_OBJC_INTERFACE_HEADER_NAME)",
			);
			name = "Copy Swift Objective-C Interface Header";
			outputPaths = (
				"$(BUILT_PRODUCTS_DIR)/include/$(PRODUCT_MODULE_NAME)/$(SWIFT_OBJC_INTERFACE_HEADER_NAME)",
			);
			runOnlyForDeploymentPostprocessing = 0;
			shellPath = /bin/sh;
			shellScript = "ditto \"${SCRIPT_INPUT_FILE_0}\" \"${SCRIPT_OUTPUT_FILE_0}\"\n";
		};
/* End PBXShellScriptBuildPhase section */

/* Begin PBXSourcesBuildPhase section */
		4BC496F3219D6E8AA40D2928 /* Sources */ = {
			isa = PBXSourcesBuildPhase;
			buildActionMask = 2147483647;
			files = (
				D76AECD6E370FF8D3B403D41 /* DynamicIslandLiveActivityView.swift in Sources */,
				D566E16684392869C37C03F1 /* LockScreenLiveActivityView.swift in Sources */,
				65B7FC92FCE170EB87F05907 /* PeckerActivityAttributes.swift in Sources */,
				B7882A7EC5D854AF217F8A92 /* PeckerLiveActivityBundle.swift in Sources */,
				FF789AB688DD8B813D1A737A /* PeckerLiveActivityPresentation.swift in Sources */,
				C79D43CE924CA80FB6AB63FF /* PeckerLiveActivityWidget.swift in Sources */,
			);
			runOnlyForDeploymentPostprocessing = 0;
		};
		6AF3E02D4F924BAA47FA8D80 /* Sources */ = {
			isa = PBXSourcesBuildPhase;
			buildActionMask = 2147483647;
			files = (
				4E29BA57FECC01043474504D /* APIKeyStore.swift in Sources */,
				CDE02B67D1F9EA0371949419 /* ActivityClient.swift in Sources */,
				473C1E628C60D03F7236547C /* ActivityCoordinator.swift in Sources */,
				231C5326939DA2266F164DEB /* AppDependencies.swift in Sources */,
				ADA29F053B0A1C6190387FAA /* AppGroup.swift in Sources */,
				B8A0301D482CF2E70727C9CB /* AppModel.swift in Sources */,
				CF6D607EDFA15302D167DA2C /* CameraCaptureView.swift in Sources */,
				58E410A459C2974A19C1C55C /* EventKitGateway.swift in Sources */,
				B4C465A8034618E774EB554E /* EventKitGatewayProtocol.swift in Sources */,
				BB3C7443B19E8A223DDA6ADD /* EventKitMapper.swift in Sources */,
				85062EE5DB1B24D856F32F1B /* FullTimelineView.swift in Sources */,
				EE85E349417FE3DD3A2DFAA0 /* ImageRecognitionStore.swift in Sources */,
				A83E8F5A004C4A655E16BA9B /* ItemDetailView.swift in Sources */,
				5BEEB285930BADB1698B4A16 /* OnboardingModel.swift in Sources */,
				265795E04003DA59AC3AF528 /* OnboardingView.swift in Sources */,
				156E3AD343D33BAB647E3A5B /* PeckerActivityAttributes.swift in Sources */,
				2FF408B7B706B7850512C675 /* PeckerApp.swift in Sources */,
				BA282CCF41DEF9D1EBA362D1 /* PeckerLiveActivityPresentation.swift in Sources */,
				D41DB4A684B26856DE13AC09 /* SettingsStore.swift in Sources */,
				F5952A3407A941C73BA114DE /* SettingsView.swift in Sources */,
				8E86012BDB4DB612CAB67524 /* SystemEventRecognitionCoordinator.swift in Sources */,
				6C4C18FBF3581A8FFD9DF0BD /* TimelineCard.swift in Sources */,
				46CD6777F1132878CA2097D1 /* TimelineGrouping.swift in Sources */,
				D949375BFD6BFC679D8AD801 /* TimelineStates.swift in Sources */,
				C10CB4B816A6CDEE892BDD77 /* TimelineTheme.swift in Sources */,
				88E4838DF7C0565E97B5F4DB /* TodayPresentation.swift in Sources */,
				895C321CAECBDE8B4A88450D /* TodayPreviewFixtures.swift in Sources */,
				F16DD9FF2C5E48A4A61B655A /* TodayScreenContent.swift in Sources */,
				3B2000525786F63F19F839AD /* TodayView.swift in Sources */,
				5256453536F82ADE93A6F560 /* TodayViewModel.swift in Sources */,
			);
			runOnlyForDeploymentPostprocessing = 0;
		};
		A83F92EA2503513558D8C759 /* Sources */ = {
			isa = PBXSourcesBuildPhase;
			buildActionMask = 2147483647;
			files = (
				1695ED7C7274AA000E671E03 /* EventRepositoryTests.swift in Sources */,
				E0F9967027C774250F64642D /* EventTemplateFactoryTests.swift in Sources */,
				5020840DF9867F8C2440DEC9 /* ModelTests.swift in Sources */,
				52ADBC232F894542A4192FAE /* OpenAIRecognitionProviderTests.swift in Sources */,
				E263F10E2981F75BE5F8D626 /* RecognitionModelTests.swift in Sources */,
				50F951B68AF5FAB9F5AB9D84 /* SnapshotStoreTests.swift in Sources */,
				F3CCD51A1E39912F08FA7D3C /* TimelineClassifierTests.swift in Sources */,
				3B092E1AE947776BA59FD76C /* TimelineEngineTests.swift in Sources */,
			);
			runOnlyForDeploymentPostprocessing = 0;
		};
		E80806B2C2C584EBD0E76F70 /* Sources */ = {
			isa = PBXSourcesBuildPhase;
			buildActionMask = 2147483647;
			files = (
				D1BD5DBE059A7F95A632E521 /* ActivityCoordinatorTests.swift in Sources */,
				D993DAB4ED7AB12BDECEDE9C /* EventKitMapperTests.swift in Sources */,
				5836C37E4AB4EC1F68B6C8F1 /* ItemDetailActionTests.swift in Sources */,
				1307FD6CBC0E86085BAF07D8 /* LiveActivityPresentationTests.swift in Sources */,
				1AA7058DEFA5CFB45BD011AA /* OnboardingStateTests.swift in Sources */,
				52BDAC3CE8EF089B8200CE10 /* SettingsStoreTests.swift in Sources */,
				0EDEDC4987F75CEFDE5FA019 /* SettingsViewModelTests.swift in Sources */,
				5EACAAF411C3677BFBCF8A90 /* SmokeTests.swift in Sources */,
				3F0AFEA4DD2B3336E26BB654 /* SystemEventRecognitionCoordinatorTests.swift in Sources */,
				98A5BEBF213A883687E630B4 /* TimelineGroupingTests.swift in Sources */,
				5A4F0B9668F54C69D411F2DC /* TodayPresentationTests.swift in Sources */,
				DC0CECCDD3F4064E0DADC0A0 /* TodayViewModelTests.swift in Sources */,
			);
			runOnlyForDeploymentPostprocessing = 0;
		};
		F7DEE62446E7982A2A2ABB12 /* Sources */ = {
			isa = PBXSourcesBuildPhase;
			buildActionMask = 2147483647;
			files = (
				3A0797077ABF0148A62572A2 /* EventRepository.swift in Sources */,
				4762E05BD9BE126DE68DA375 /* EventTemplateFactory.swift in Sources */,
				BD8CAF73F418A0CEC3B48614 /* OpenAIRecognitionProvider.swift in Sources */,
				28918716FDD4FB43CB33758F /* RecognitionModels.swift in Sources */,
				43306A7001C18FB42ADFB3F8 /* RecognitionProvider.swift in Sources */,
				BC0D9CD918F62FD91633C988 /* SnapshotStore.swift in Sources */,
				376EAD5035495CC3A7364B48 /* TimelineClassifier.swift in Sources */,
				3C12A890080E7229DD8C5DD4 /* TimelineEngine.swift in Sources */,
				BAB7DE2AD60161D1A6694126 /* TimelineItem.swift in Sources */,
				EE2835E7A4D6DAFFAEDED3CB /* TimelineSettings.swift in Sources */,
				A22A10AAC05921E73634805E /* TodaySnapshot.swift in Sources */,
			);
			runOnlyForDeploymentPostprocessing = 0;
		};
/* End PBXSourcesBuildPhase section */

/* Begin PBXTargetDependency section */
		04CAECBCC45746B2EB4FF3A5 /* PBXTargetDependency */ = {
			isa = PBXTargetDependency;
			target = 07F424BE48489BC5EF2C968E /* Pecker */;
			targetProxy = A4642D213816566D8838C036 /* PBXContainerItemProxy */;
		};
		0B90D8976DA329DCD88CE0B3 /* PBXTargetDependency */ = {
			isa = PBXTargetDependency;
			target = 44611A7FE143DACF53035517 /* PeckerCore */;
			targetProxy = CE8BFB136C85A3BD5429C058 /* PBXContainerItemProxy */;
		};
		B55DECF48BCB108ABDDAC4FF /* PBXTargetDependency */ = {
			isa = PBXTargetDependency;
			target = 44611A7FE143DACF53035517 /* PeckerCore */;
			targetProxy = 2880382B0C725803228346CD /* PBXContainerItemProxy */;
		};
		BA927D3A806942EA5E0A811C /* PBXTargetDependency */ = {
			isa = PBXTargetDependency;
			target = FEBFDD3DC2FBA7CC6EA4CBB0 /* PeckerLiveActivity */;
			targetProxy = 12387056C7D6C8E6B3F8ACEA /* PBXContainerItemProxy */;
		};
		EC6EE5678F0C52156563DBB1 /* PBXTargetDependency */ = {
			isa = PBXTargetDependency;
			target = 44611A7FE143DACF53035517 /* PeckerCore */;
			targetProxy = F34F69B6842181E6440A8CD8 /* PBXContainerItemProxy */;
		};
/* End PBXTargetDependency section */

/* Begin XCBuildConfiguration section */
		0F83EDECC9A8AD930CFFF2F2 /* Debug */ = {
			isa = XCBuildConfiguration;
			buildSettings = {
				CODE_SIGN_ENTITLEMENTS = PeckerLiveActivity/PeckerLiveActivity.entitlements;
				CODE_SIGN_IDENTITY = "Apple Development";
				CODE_SIGN_STYLE = Automatic;
				DEVELOPMENT_TEAM = LNQGSLWW24;
				GENERATE_INFOPLIST_FILE = NO;
				INFOPLIST_FILE = PeckerLiveActivity/Info.plist;
				LD_RUNPATH_SEARCH_PATHS = (
					"$(inherited)",
					"@executable_path/Frameworks",
					"@executable_path/../../Frameworks",
				);
				OTHER_LDFLAGS = (
					"$(inherited)",
					"-ObjC",
				);
				PRODUCT_BUNDLE_IDENTIFIER = com.wenttang.pecker.liveactivity;
				PRODUCT_NAME = PeckerLiveActivity;
				PROVISIONING_PROFILE_SPECIFIER = "";
				SDKROOT = iphoneos;
				SKIP_INSTALL = YES;
				TARGETED_DEVICE_FAMILY = "1,2";
			};
			name = Debug;
		};
		1D8618A641C2C045D2E7708F /* Release */ = {
			isa = XCBuildConfiguration;
			buildSettings = {
				LD_RUNPATH_SEARCH_PATHS = (
					"$(inherited)",
					"@executable_path/Frameworks",
				);
				SDKROOT = iphoneos;
				SKIP_INSTALL = YES;
				TARGETED_DEVICE_FAMILY = "1,2";
			};
			name = Release;
		};
		2C94048A4B61A086AE948297 /* Debug */ = {
			isa = XCBuildConfiguration;
			buildSettings = {
				BUNDLE_LOADER = "$(TEST_HOST)";
				GENERATE_INFOPLIST_FILE = YES;
				LD_RUNPATH_SEARCH_PATHS = (
					"$(inherited)",
					"@executable_path/Frameworks",
					"@loader_path/Frameworks",
				);
				OTHER_LDFLAGS = (
					"$(inherited)",
					"-ObjC",
				);
				PRODUCT_BUNDLE_IDENTIFIER = com.wenttang.PeckerCoreTests;
				SDKROOT = iphoneos;
				TARGETED_DEVICE_FAMILY = "1,2";
			};
			name = Debug;
		};
		36E03DAF5A864AD4FF9DF838 /* Release */ = {
			isa = XCBuildConfiguration;
			buildSettings = {
				CODE_SIGN_ENTITLEMENTS = PeckerLiveActivity/PeckerLiveActivity.entitlements;
				CODE_SIGN_IDENTITY = "Apple Development";
				CODE_SIGN_STYLE = Automatic;
				DEVELOPMENT_TEAM = LNQGSLWW24;
				GENERATE_INFOPLIST_FILE = NO;
				INFOPLIST_FILE = PeckerLiveActivity/Info.plist;
				LD_RUNPATH_SEARCH_PATHS = (
					"$(inherited)",
					"@executable_path/Frameworks",
					"@executable_path/../../Frameworks",
				);
				OTHER_LDFLAGS = (
					"$(inherited)",
					"-ObjC",
				);
				PRODUCT_BUNDLE_IDENTIFIER = com.wenttang.pecker.liveactivity;
				PRODUCT_NAME = PeckerLiveActivity;
				PROVISIONING_PROFILE_SPECIFIER = "";
				SDKROOT = iphoneos;
				SKIP_INSTALL = YES;
				TARGETED_DEVICE_FAMILY = "1,2";
			};
			name = Release;
		};
		5B52B6D67E2EFEC50AF9E134 /* Release */ = {
			isa = XCBuildConfiguration;
			buildSettings = {
				BUNDLE_LOADER = "$(TEST_HOST)";
				GENERATE_INFOPLIST_FILE = YES;
				LD_RUNPATH_SEARCH_PATHS = (
					"$(inherited)",
					"@executable_path/Frameworks",
					"@loader_path/Frameworks",
				);
				OTHER_LDFLAGS = (
					"$(inherited)",
					"-ObjC",
				);
				PRODUCT_BUNDLE_IDENTIFIER = com.wenttang.PeckerCoreTests;
				SDKROOT = iphoneos;
				TARGETED_DEVICE_FAMILY = "1,2";
			};
			name = Release;
		};
		68B4671AD7FBFBFB0057C2A8 /* Debug */ = {
			isa = XCBuildConfiguration;
			buildSettings = {
				LD_RUNPATH_SEARCH_PATHS = (
					"$(inherited)",
					"@executable_path/Frameworks",
				);
				SDKROOT = iphoneos;
				SKIP_INSTALL = YES;
				TARGETED_DEVICE_FAMILY = "1,2";
			};
			name = Debug;
		};
		6AEA668D45024379E46D4623 /* Debug */ = {
			isa = XCBuildConfiguration;
			buildSettings = {
				ALWAYS_SEARCH_USER_PATHS = NO;
				CLANG_ANALYZER_NONNULL = YES;
				CLANG_ANALYZER_NUMBER_OBJECT_CONVERSION = YES_AGGRESSIVE;
				CLANG_CXX_LANGUAGE_STANDARD = "gnu++14";
				CLANG_CXX_LIBRARY = "libc++";
				CLANG_ENABLE_MODULES = YES;
				CLANG_ENABLE_OBJC_ARC = YES;
				CLANG_ENABLE_OBJC_WEAK = YES;
				CLANG_WARN_BLOCK_CAPTURE_AUTORELEASING = YES;
				CLANG_WARN_BOOL_CONVERSION = YES;
				CLANG_WARN_COMMA = YES;
				CLANG_WARN_CONSTANT_CONVERSION = YES;
				CLANG_WARN_DEPRECATED_OBJC_IMPLEMENTATIONS = YES;
				CLANG_WARN_DIRECT_OBJC_ISA_USAGE = YES_ERROR;
				CLANG_WARN_DOCUMENTATION_COMMENTS = YES;
				CLANG_WARN_EMPTY_BODY = YES;
				CLANG_WARN_ENUM_CONVERSION = YES;
				CLANG_WARN_INFINITE_RECURSION = YES;
				CLANG_WARN_INT_CONVERSION = YES;
				CLANG_WARN_NON_LITERAL_NULL_CONVERSION = YES;
				CLANG_WARN_OBJC_IMPLICIT_RETAIN_SELF = YES;
				CLANG_WARN_OBJC_LITERAL_CONVERSION = YES;
				CLANG_WARN_OBJC_ROOT_CLASS = YES_ERROR;
				CLANG_WARN_QUOTED_INCLUDE_IN_FRAMEWORK_HEADER = YES;
				CLANG_WARN_RANGE_LOOP_ANALYSIS = YES;
				CLANG_WARN_STRICT_PROTOTYPES = YES;
				CLANG_WARN_SUSPICIOUS_MOVE = YES;
				CLANG_WARN_UNGUARDED_AVAILABILITY = YES_AGGRESSIVE;
				CLANG_WARN_UNREACHABLE_CODE = YES;
				CLANG_WARN__DUPLICATE_METHOD_MATCH = YES;
				COPY_PHASE_STRIP = NO;
				DEBUG_INFORMATION_FORMAT = dwarf;
				ENABLE_STRICT_OBJC_MSGSEND = YES;
				ENABLE_TESTABILITY = YES;
				GCC_C_LANGUAGE_STANDARD = gnu11;
				GCC_DYNAMIC_NO_PIC = NO;
				GCC_NO_COMMON_BLOCKS = YES;
				GCC_OPTIMIZATION_LEVEL = 0;
				GCC_PREPROCESSOR_DEFINITIONS = (
					"$(inherited)",
					"DEBUG=1",
				);
				GCC_WARN_64_TO_32_BIT_CONVERSION = YES;
				GCC_WARN_ABOUT_RETURN_TYPE = YES_ERROR;
				GCC_WARN_UNDECLARED_SELECTOR = YES;
				GCC_WARN_UNINITIALIZED_AUTOS = YES_AGGRESSIVE;
				GCC_WARN_UNUSED_FUNCTION = YES;
				GCC_WARN_UNUSED_VARIABLE = YES;
				IPHONEOS_DEPLOYMENT_TARGET = 26.0;
				MTL_ENABLE_DEBUG_INFO = INCLUDE_SOURCE;
				MTL_FAST_MATH = YES;
				ONLY_ACTIVE_ARCH = YES;
				PRODUCT_NAME = "$(TARGET_NAME)";
				SDKROOT = iphoneos;
				SWIFT_ACTIVE_COMPILATION_CONDITIONS = DEBUG;
				SWIFT_OPTIMIZATION_LEVEL = "-Onone";
				SWIFT_VERSION = 6.0;
			};
			name = Debug;
		};
		83CDE9D79C95E8992CD6E962 /* Release */ = {
			isa = XCBuildConfiguration;
			buildSettings = {
				BUNDLE_LOADER = "$(TEST_HOST)";
				GENERATE_INFOPLIST_FILE = YES;
				LD_RUNPATH_SEARCH_PATHS = (
					"$(inherited)",
					"@executable_path/Frameworks",
					"@loader_path/Frameworks",
				);
				PRODUCT_BUNDLE_IDENTIFIER = com.wenttang.PeckerTests;
				SDKROOT = iphoneos;
				TARGETED_DEVICE_FAMILY = "1,2";
				TEST_HOST = "$(BUILT_PRODUCTS_DIR)/Pecker.app/Pecker";
			};
			name = Release;
		};
		C200C0E7CD662DFC9BC691A4 /* Release */ = {
			isa = XCBuildConfiguration;
			buildSettings = {
				ASSETCATALOG_COMPILER_APPICON_NAME = AppIcon;
				CODE_SIGN_ENTITLEMENTS = Pecker/Resources/Pecker.entitlements;
				CODE_SIGN_IDENTITY = "Apple Development";
				CODE_SIGN_STYLE = Automatic;
				DEVELOPMENT_TEAM = LNQGSLWW24;
				GENERATE_INFOPLIST_FILE = NO;
				INFOPLIST_FILE = Pecker/Resources/Info.plist;
				LD_RUNPATH_SEARCH_PATHS = (
					"$(inherited)",
					"@executable_path/Frameworks",
				);
				OTHER_LDFLAGS = (
					"$(inherited)",
					"-ObjC",
				);
				PRODUCT_BUNDLE_IDENTIFIER = com.wenttang.pecker;
				PRODUCT_NAME = Pecker;
				PROVISIONING_PROFILE_SPECIFIER = "";
				SDKROOT = iphoneos;
				TARGETED_DEVICE_FAMILY = "1,2";
			};
			name = Release;
		};
		E3769F48429873CA56B9DFA5 /* Release */ = {
			isa = XCBuildConfiguration;
			buildSettings = {
				ALWAYS_SEARCH_USER_PATHS = NO;
				CLANG_ANALYZER_NONNULL = YES;
				CLANG_ANALYZER_NUMBER_OBJECT_CONVERSION = YES_AGGRESSIVE;
				CLANG_CXX_LANGUAGE_STANDARD = "gnu++14";
				CLANG_CXX_LIBRARY = "libc++";
				CLANG_ENABLE_MODULES = YES;
				CLANG_ENABLE_OBJC_ARC = YES;
				CLANG_ENABLE_OBJC_WEAK = YES;
				CLANG_WARN_BLOCK_CAPTURE_AUTORELEASING = YES;
				CLANG_WARN_BOOL_CONVERSION = YES;
				CLANG_WARN_COMMA = YES;
				CLANG_WARN_CONSTANT_CONVERSION = YES;
				CLANG_WARN_DEPRECATED_OBJC_IMPLEMENTATIONS = YES;
				CLANG_WARN_DIRECT_OBJC_ISA_USAGE = YES_ERROR;
				CLANG_WARN_DOCUMENTATION_COMMENTS = YES;
				CLANG_WARN_EMPTY_BODY = YES;
				CLANG_WARN_ENUM_CONVERSION = YES;
				CLANG_WARN_INFINITE_RECURSION = YES;
				CLANG_WARN_INT_CONVERSION = YES;
				CLANG_WARN_NON_LITERAL_NULL_CONVERSION = YES;
				CLANG_WARN_OBJC_IMPLICIT_RETAIN_SELF = YES;
				CLANG_WARN_OBJC_LITERAL_CONVERSION = YES;
				CLANG_WARN_OBJC_ROOT_CLASS = YES_ERROR;
				CLANG_WARN_QUOTED_INCLUDE_IN_FRAMEWORK_HEADER = YES;
				CLANG_WARN_RANGE_LOOP_ANALYSIS = YES;
				CLANG_WARN_STRICT_PROTOTYPES = YES;
				CLANG_WARN_SUSPICIOUS_MOVE = YES;
				CLANG_WARN_UNGUARDED_AVAILABILITY = YES_AGGRESSIVE;
				CLANG_WARN_UNREACHABLE_CODE = YES;
				CLANG_WARN__DUPLICATE_METHOD_MATCH = YES;
				COPY_PHASE_STRIP = NO;
				DEBUG_INFORMATION_FORMAT = "dwarf-with-dsym";
				ENABLE_NS_ASSERTIONS = NO;
				ENABLE_STRICT_OBJC_MSGSEND = YES;
				GCC_C_LANGUAGE_STANDARD = gnu11;
				GCC_NO_COMMON_BLOCKS = YES;
				GCC_WARN_64_TO_32_BIT_CONVERSION = YES;
				GCC_WARN_ABOUT_RETURN_TYPE = YES_ERROR;
				GCC_WARN_UNDECLARED_SELECTOR = YES;
				GCC_WARN_UNINITIALIZED_AUTOS = YES_AGGRESSIVE;
				GCC_WARN_UNUSED_FUNCTION = YES;
				GCC_WARN_UNUSED_VARIABLE = YES;
				IPHONEOS_DEPLOYMENT_TARGET = 26.0;
				MTL_ENABLE_DEBUG_INFO = NO;
				MTL_FAST_MATH = YES;
				PRODUCT_NAME = "$(TARGET_NAME)";
				SDKROOT = iphoneos;
				SWIFT_COMPILATION_MODE = wholemodule;
				SWIFT_OPTIMIZATION_LEVEL = "-O";
				SWIFT_VERSION = 6.0;
			};
			name = Release;
		};
		F5CD8E1AC047A3ED82E02627 /* Debug */ = {
			isa = XCBuildConfiguration;
			buildSettings = {
				ASSETCATALOG_COMPILER_APPICON_NAME = AppIcon;
				CODE_SIGN_ENTITLEMENTS = Pecker/Resources/Pecker.entitlements;
				CODE_SIGN_IDENTITY = "Apple Development";
				CODE_SIGN_STYLE = Automatic;
				DEVELOPMENT_TEAM = LNQGSLWW24;
				GENERATE_INFOPLIST_FILE = NO;
				INFOPLIST_FILE = Pecker/Resources/Info.plist;
				LD_RUNPATH_SEARCH_PATHS = (
					"$(inherited)",
					"@executable_path/Frameworks",
				);
				OTHER_LDFLAGS = (
					"$(inherited)",
					"-ObjC",
				);
				PRODUCT_BUNDLE_IDENTIFIER = com.wenttang.pecker;
				PRODUCT_NAME = Pecker;
				PROVISIONING_PROFILE_SPECIFIER = "";
				SDKROOT = iphoneos;
				TARGETED_DEVICE_FAMILY = "1,2";
			};
			name = Debug;
		};
		FD5E10CF4E19F12137BD0D67 /* Debug */ = {
			isa = XCBuildConfiguration;
			buildSettings = {
				BUNDLE_LOADER = "$(TEST_HOST)";
				GENERATE_INFOPLIST_FILE = YES;
				LD_RUNPATH_SEARCH_PATHS = (
					"$(inherited)",
					"@executable_path/Frameworks",
					"@loader_path/Frameworks",
				);
				PRODUCT_BUNDLE_IDENTIFIER = com.wenttang.PeckerTests;
				SDKROOT = iphoneos;
				TARGETED_DEVICE_FAMILY = "1,2";
				TEST_HOST = "$(BUILT_PRODUCTS_DIR)/Pecker.app/Pecker";
			};
			name = Debug;
		};
/* End XCBuildConfiguration section */

/* Begin XCConfigurationList section */
		0D5ECAFDFB6312FBCB40B8C1 /* Build configuration list for PBXProject "Pecker" */ = {
			isa = XCConfigurationList;
			buildConfigurations = (
				6AEA668D45024379E46D4623 /* Debug */,
				E3769F48429873CA56B9DFA5 /* Release */,
			);
			defaultConfigurationIsVisible = 0;
			defaultConfigurationName = Debug;
		};
		798B8ADF5A8647AEA83BD9E8 /* Build configuration list for PBXNativeTarget "Pecker" */ = {
			isa = XCConfigurationList;
			buildConfigurations = (
				F5CD8E1AC047A3ED82E02627 /* Debug */,
				C200C0E7CD662DFC9BC691A4 /* Release */,
			);
			defaultConfigurationIsVisible = 0;
			defaultConfigurationName = Debug;
		};
		9CA8B8A2AF462A859909D117 /* Build configuration list for PBXNativeTarget "PeckerCore" */ = {
			isa = XCConfigurationList;
			buildConfigurations = (
				68B4671AD7FBFBFB0057C2A8 /* Debug */,
				1D8618A641C2C045D2E7708F /* Release */,
			);
			defaultConfigurationIsVisible = 0;
			defaultConfigurationName = Debug;
		};
		9E8847DE842A3FA6C69DCE7D /* Build configuration list for PBXNativeTarget "PeckerTests" */ = {
			isa = XCConfigurationList;
			buildConfigurations = (
				FD5E10CF4E19F12137BD0D67 /* Debug */,
				83CDE9D79C95E8992CD6E962 /* Release */,
			);
			defaultConfigurationIsVisible = 0;
			defaultConfigurationName = Debug;
		};
		AD58E9471C45818B0AD8B5C5 /* Build configuration list for PBXNativeTarget "PeckerCoreTests" */ = {
			isa = XCConfigurationList;
			buildConfigurations = (
				2C94048A4B61A086AE948297 /* Debug */,
				5B52B6D67E2EFEC50AF9E134 /* Release */,
			);
			defaultConfigurationIsVisible = 0;
			defaultConfigurationName = Debug;
		};
		B9B159A24DB5DB18BDD51DA1 /* Build configuration list for PBXNativeTarget "PeckerLiveActivity" */ = {
			isa = XCConfigurationList;
			buildConfigurations = (
				0F83EDECC9A8AD930CFFF2F2 /* Debug */,
				36E03DAF5A864AD4FF9DF838 /* Release */,
			);
			defaultConfigurationIsVisible = 0;
			defaultConfigurationName = Debug;
		};
/* End XCConfigurationList section */
	};
	rootObject = B5C9BA6B63A0F0797C297241 /* Project object */;
}
