// !$*UTF8*$!
{
	archiveVersion = 1;
	classes = {
	};
	objectVersion = 54;
	objects = {

/* Begin PBXBuildFile section */
		6349D3C06EE327BC14AEC967 /* NowTimelineCore in Frameworks */ = {isa = PBXBuildFile; productRef = 0FD4596C2887D18B9C004E71 /* NowTimelineCore */; };
		AA98445EF55BFB42EB218580 /* SmokeTests.swift in Sources */ = {isa = PBXBuildFile; fileRef = E195CED876345D9D26C2DD8B /* SmokeTests.swift */; };
		F193A8AC72B8BF92D99191E0 /* NowTimelineApp.swift in Sources */ = {isa = PBXBuildFile; fileRef = D18DFA2D94E878C145168DF9 /* NowTimelineApp.swift */; };
/* End PBXBuildFile section */

/* Begin PBXContainerItemProxy section */
		C7D6FD050612FFB2B19204BA /* PBXContainerItemProxy */ = {
			isa = PBXContainerItemProxy;
			containerPortal = 5B824566AC23F14A8EAFF8FD /* Project object */;
			proxyType = 1;
			remoteGlobalIDString = B1FBCE2CC9E5805E5DD9CB06;
			remoteInfo = NowTimeline;
		};
/* End PBXContainerItemProxy section */

/* Begin PBXFileReference section */
		09CABA956CAB973D2632633C /* NowTimelineTests.xctest */ = {isa = PBXFileReference; includeInIndex = 0; lastKnownFileType = wrapper.cfbundle; path = NowTimelineTests.xctest; sourceTree = BUILT_PRODUCTS_DIR; };
		B45CD0508207D5966C625C8A /* NowTimeline.app */ = {isa = PBXFileReference; includeInIndex = 0; lastKnownFileType = wrapper.application; path = NowTimeline.app; sourceTree = BUILT_PRODUCTS_DIR; };
		D18DFA2D94E878C145168DF9 /* NowTimelineApp.swift */ = {isa = PBXFileReference; lastKnownFileType = sourcecode.swift; path = NowTimelineApp.swift; sourceTree = "<group>"; };
		DFF8F083E369CBCAF6B229C5 /* now-timeline-mvp */ = {isa = PBXFileReference; lastKnownFileType = folder; name = "now-timeline-mvp"; path = .; sourceTree = SOURCE_ROOT; };
		E195CED876345D9D26C2DD8B /* SmokeTests.swift */ = {isa = PBXFileReference; lastKnownFileType = sourcecode.swift; path = SmokeTests.swift; sourceTree = "<group>"; };
/* End PBXFileReference section */

/* Begin PBXFrameworksBuildPhase section */
		FCFAAE4DE49770465AC5EAA2 /* Frameworks */ = {
			isa = PBXFrameworksBuildPhase;
			buildActionMask = 2147483647;
			files = (
				6349D3C06EE327BC14AEC967 /* NowTimelineCore in Frameworks */,
			);
			runOnlyForDeploymentPostprocessing = 0;
		};
/* End PBXFrameworksBuildPhase section */

/* Begin PBXGroup section */
		068A31F139CE77E6EAA293C1 /* Products */ = {
			isa = PBXGroup;
			children = (
				B45CD0508207D5966C625C8A /* NowTimeline.app */,
				09CABA956CAB973D2632633C /* NowTimelineTests.xctest */,
			);
			name = Products;
			sourceTree = "<group>";
		};
		094749F567E832BA5CB002EC /* App */ = {
			isa = PBXGroup;
			children = (
				D18DFA2D94E878C145168DF9 /* NowTimelineApp.swift */,
			);
			name = App;
			path = NowTimeline/App;
			sourceTree = "<group>";
		};
		0DC2652871B4ABCE727C3266 /* Resources */ = {
			isa = PBXGroup;
			children = (
			);
			name = Resources;
			path = NowTimeline/Resources;
			sourceTree = "<group>";
		};
		6333D3DCB4AC78CB5B92D138 = {
			isa = PBXGroup;
			children = (
				094749F567E832BA5CB002EC /* App */,
				78ADA99C24D9E828F8B298D8 /* NowTimelineTests */,
				A8F022E3A9796A89E2BA808B /* Packages */,
				0DC2652871B4ABCE727C3266 /* Resources */,
				068A31F139CE77E6EAA293C1 /* Products */,
			);
			sourceTree = "<group>";
		};
		78ADA99C24D9E828F8B298D8 /* NowTimelineTests */ = {
			isa = PBXGroup;
			children = (
				E195CED876345D9D26C2DD8B /* SmokeTests.swift */,
			);
			path = NowTimelineTests;
			sourceTree = "<group>";
		};
		A8F022E3A9796A89E2BA808B /* Packages */ = {
			isa = PBXGroup;
			children = (
				DFF8F083E369CBCAF6B229C5 /* now-timeline-mvp */,
			);
			name = Packages;
			sourceTree = "<group>";
		};
/* End PBXGroup section */

/* Begin PBXNativeTarget section */
		0A57A80C972C5A369A4BEBB0 /* NowTimelineTests */ = {
			isa = PBXNativeTarget;
			buildConfigurationList = 3CFBA5BE010BD2C49B605D89 /* Build configuration list for PBXNativeTarget "NowTimelineTests" */;
			buildPhases = (
				6B42DE24AE3A723824F42D14 /* Sources */,
			);
			buildRules = (
			);
			dependencies = (
				52735B977F8679DDD0E04540 /* PBXTargetDependency */,
			);
			name = NowTimelineTests;
			packageProductDependencies = (
			);
			productName = NowTimelineTests;
			productReference = 09CABA956CAB973D2632633C /* NowTimelineTests.xctest */;
			productType = "com.apple.product-type.bundle.unit-test";
		};
		B1FBCE2CC9E5805E5DD9CB06 /* NowTimeline */ = {
			isa = PBXNativeTarget;
			buildConfigurationList = C2188A363F36F1151BA6821E /* Build configuration list for PBXNativeTarget "NowTimeline" */;
			buildPhases = (
				A67AF998DF83EEA1A698B4C1 /* Sources */,
				FCFAAE4DE49770465AC5EAA2 /* Frameworks */,
			);
			buildRules = (
			);
			dependencies = (
			);
			name = NowTimeline;
			packageProductDependencies = (
				0FD4596C2887D18B9C004E71 /* NowTimelineCore */,
			);
			productName = NowTimeline;
			productReference = B45CD0508207D5966C625C8A /* NowTimeline.app */;
			productType = "com.apple.product-type.application";
		};
/* End PBXNativeTarget section */

/* Begin PBXProject section */
		5B824566AC23F14A8EAFF8FD /* Project object */ = {
			isa = PBXProject;
			attributes = {
				BuildIndependentTargetsInParallel = YES;
				LastUpgradeCheck = 1430;
				TargetAttributes = {
				};
			};
			buildConfigurationList = 34352397C13B3E06BB796C15 /* Build configuration list for PBXProject "NowTimeline" */;
			compatibilityVersion = "Xcode 14.0";
			developmentRegion = en;
			hasScannedForEncodings = 0;
			knownRegions = (
				Base,
				en,
			);
			mainGroup = 6333D3DCB4AC78CB5B92D138;
			minimizedProjectReferenceProxies = 1;
			packageReferences = (
				7EFCD8E81E2EA420382662E0 /* XCLocalSwiftPackageReference "." */,
			);
			preferredProjectObjectVersion = 54;
			projectDirPath = "";
			projectRoot = "";
			targets = (
				B1FBCE2CC9E5805E5DD9CB06 /* NowTimeline */,
				0A57A80C972C5A369A4BEBB0 /* NowTimelineTests */,
			);
		};
/* End PBXProject section */

/* Begin PBXSourcesBuildPhase section */
		6B42DE24AE3A723824F42D14 /* Sources */ = {
			isa = PBXSourcesBuildPhase;
			buildActionMask = 2147483647;
			files = (
				AA98445EF55BFB42EB218580 /* SmokeTests.swift in Sources */,
			);
			runOnlyForDeploymentPostprocessing = 0;
		};
		A67AF998DF83EEA1A698B4C1 /* Sources */ = {
			isa = PBXSourcesBuildPhase;
			buildActionMask = 2147483647;
			files = (
				F193A8AC72B8BF92D99191E0 /* NowTimelineApp.swift in Sources */,
			);
			runOnlyForDeploymentPostprocessing = 0;
		};
/* End PBXSourcesBuildPhase section */

/* Begin PBXTargetDependency section */
		52735B977F8679DDD0E04540 /* PBXTargetDependency */ = {
			isa = PBXTargetDependency;
			target = B1FBCE2CC9E5805E5DD9CB06 /* NowTimeline */;
			targetProxy = C7D6FD050612FFB2B19204BA /* PBXContainerItemProxy */;
		};
/* End PBXTargetDependency section */

/* Begin XCBuildConfiguration section */
		03F9A234F36753132B70FDD1 /* Debug */ = {
			isa = XCBuildConfiguration;
			buildSettings = {
				BUNDLE_LOADER = "$(TEST_HOST)";
				GENERATE_INFOPLIST_FILE = YES;
				LD_RUNPATH_SEARCH_PATHS = (
					"$(inherited)",
					"@executable_path/Frameworks",
					"@loader_path/Frameworks",
				);
				PRODUCT_BUNDLE_IDENTIFIER = com.went.NowTimelineTests;
				SDKROOT = iphoneos;
				TARGETED_DEVICE_FAMILY = "1,2";
				TEST_HOST = "$(BUILT_PRODUCTS_DIR)/NowTimeline.app/NowTimeline";
			};
			name = Debug;
		};
		5D14227D0BE79C0BC25C9F04 /* Release */ = {
			isa = XCBuildConfiguration;
			buildSettings = {
				ALWAYS_SEARCH_USER_PATHS = NO;
				CLANG_ANALYZER_NONNULL = YES;
				CLANG_ANALYZER_NUMBER_OBJECT_CONVERSION = YES_AGGRESSIVE;
				CLANG_CXX_LANGUAGE_STANDARD = "gnu++14";
				CLANG_CXX_LIBRARY = "libc++";
				CLANG_ENABLE_MODULES = YES;
				CLANG_ENABLE_OBJC_ARC = YES;
				CLANG_ENABLE_OBJC_WEAK = YES;
				CLANG_WARN_BLOCK_CAPTURE_AUTORELEASING = YES;
				CLANG_WARN_BOOL_CONVERSION = YES;
				CLANG_WARN_COMMA = YES;
				CLANG_WARN_CONSTANT_CONVERSION = YES;
				CLANG_WARN_DEPRECATED_OBJC_IMPLEMENTATIONS = YES;
				CLANG_WARN_DIRECT_OBJC_ISA_USAGE = YES_ERROR;
				CLANG_WARN_DOCUMENTATION_COMMENTS = YES;
				CLANG_WARN_EMPTY_BODY = YES;
				CLANG_WARN_ENUM_CONVERSION = YES;
				CLANG_WARN_INFINITE_RECURSION = YES;
				CLANG_WARN_INT_CONVERSION = YES;
				CLANG_WARN_NON_LITERAL_NULL_CONVERSION = YES;
				CLANG_WARN_OBJC_IMPLICIT_RETAIN_SELF = YES;
				CLANG_WARN_OBJC_LITERAL_CONVERSION = YES;
				CLANG_WARN_OBJC_ROOT_CLASS = YES_ERROR;
				CLANG_WARN_QUOTED_INCLUDE_IN_FRAMEWORK_HEADER = YES;
				CLANG_WARN_RANGE_LOOP_ANALYSIS = YES;
				CLANG_WARN_STRICT_PROTOTYPES = YES;
				CLANG_WARN_SUSPICIOUS_MOVE = YES;
				CLANG_WARN_UNGUARDED_AVAILABILITY = YES_AGGRESSIVE;
				CLANG_WARN_UNREACHABLE_CODE = YES;
				CLANG_WARN__DUPLICATE_METHOD_MATCH = YES;
				COPY_PHASE_STRIP = NO;
				DEBUG_INFORMATION_FORMAT = "dwarf-with-dsym";
				ENABLE_NS_ASSERTIONS = NO;
				ENABLE_STRICT_OBJC_MSGSEND = YES;
				GCC_C_LANGUAGE_STANDARD = gnu11;
				GCC_NO_COMMON_BLOCKS = YES;
				GCC_WARN_64_TO_32_BIT_CONVERSION = YES;
				GCC_WARN_ABOUT_RETURN_TYPE = YES_ERROR;
				GCC_WARN_UNDECLARED_SELECTOR = YES;
				GCC_WARN_UNINITIALIZED_AUTOS = YES_AGGRESSIVE;
				GCC_WARN_UNUSED_FUNCTION = YES;
				GCC_WARN_UNUSED_VARIABLE = YES;
				IPHONEOS_DEPLOYMENT_TARGET = 26.0;
				MTL_ENABLE_DEBUG_INFO = NO;
				MTL_FAST_MATH = YES;
				PRODUCT_NAME = "$(TARGET_NAME)";
				SDKROOT = iphoneos;
				SWIFT_COMPILATION_MODE = wholemodule;
				SWIFT_OPTIMIZATION_LEVEL = "-O";
				SWIFT_VERSION = 6.0;
			};
			name = Release;
		};
		81C4B03F2D8346BE22083745 /* Debug */ = {
			isa = XCBuildConfiguration;
			buildSettings = {
				ALWAYS_SEARCH_USER_PATHS = NO;
				CLANG_ANALYZER_NONNULL = YES;
				CLANG_ANALYZER_NUMBER_OBJECT_CONVERSION = YES_AGGRESSIVE;
				CLANG_CXX_LANGUAGE_STANDARD = "gnu++14";
				CLANG_CXX_LIBRARY = "libc++";
				CLANG_ENABLE_MODULES = YES;
				CLANG_ENABLE_OBJC_ARC = YES;
				CLANG_ENABLE_OBJC_WEAK = YES;
				CLANG_WARN_BLOCK_CAPTURE_AUTORELEASING = YES;
				CLANG_WARN_BOOL_CONVERSION = YES;
				CLANG_WARN_COMMA = YES;
				CLANG_WARN_CONSTANT_CONVERSION = YES;
				CLANG_WARN_DEPRECATED_OBJC_IMPLEMENTATIONS = YES;
				CLANG_WARN_DIRECT_OBJC_ISA_USAGE = YES_ERROR;
				CLANG_WARN_DOCUMENTATION_COMMENTS = YES;
				CLANG_WARN_EMPTY_BODY = YES;
				CLANG_WARN_ENUM_CONVERSION = YES;
				CLANG_WARN_INFINITE_RECURSION = YES;
				CLANG_WARN_INT_CONVERSION = YES;
				CLANG_WARN_NON_LITERAL_NULL_CONVERSION = YES;
				CLANG_WARN_OBJC_IMPLICIT_RETAIN_SELF = YES;
				CLANG_WARN_OBJC_LITERAL_CONVERSION = YES;
				CLANG_WARN_OBJC_ROOT_CLASS = YES_ERROR;
				CLANG_WARN_QUOTED_INCLUDE_IN_FRAMEWORK_HEADER = YES;
				CLANG_WARN_RANGE_LOOP_ANALYSIS = YES;
				CLANG_WARN_STRICT_PROTOTYPES = YES;
				CLANG_WARN_SUSPICIOUS_MOVE = YES;
				CLANG_WARN_UNGUARDED_AVAILABILITY = YES_AGGRESSIVE;
				CLANG_WARN_UNREACHABLE_CODE = YES;
				CLANG_WARN__DUPLICATE_METHOD_MATCH = YES;
				COPY_PHASE_STRIP = NO;
				DEBUG_INFORMATION_FORMAT = dwarf;
				ENABLE_STRICT_OBJC_MSGSEND = YES;
				ENABLE_TESTABILITY = YES;
				GCC_C_LANGUAGE_STANDARD = gnu11;
				GCC_DYNAMIC_NO_PIC = NO;
				GCC_NO_COMMON_BLOCKS = YES;
				GCC_OPTIMIZATION_LEVEL = 0;
				GCC_PREPROCESSOR_DEFINITIONS = (
					"$(inherited)",
					"DEBUG=1",
				);
				GCC_WARN_64_TO_32_BIT_CONVERSION = YES;
				GCC_WARN_ABOUT_RETURN_TYPE = YES_ERROR;
				GCC_WARN_UNDECLARED_SELECTOR = YES;
				GCC_WARN_UNINITIALIZED_AUTOS = YES_AGGRESSIVE;
				GCC_WARN_UNUSED_FUNCTION = YES;
				GCC_WARN_UNUSED_VARIABLE = YES;
				IPHONEOS_DEPLOYMENT_TARGET = 26.0;
				MTL_ENABLE_DEBUG_INFO = INCLUDE_SOURCE;
				MTL_FAST_MATH = YES;
				ONLY_ACTIVE_ARCH = YES;
				PRODUCT_NAME = "$(TARGET_NAME)";
				SDKROOT = iphoneos;
				SWIFT_ACTIVE_COMPILATION_CONDITIONS = DEBUG;
				SWIFT_OPTIMIZATION_LEVEL = "-Onone";
				SWIFT_VERSION = 6.0;
			};
			name = Debug;
		};
		9CAC5DDF6820D9D8FEBE5CBA /* Release */ = {
			isa = XCBuildConfiguration;
			buildSettings = {
				BUNDLE_LOADER = "$(TEST_HOST)";
				GENERATE_INFOPLIST_FILE = YES;
				LD_RUNPATH_SEARCH_PATHS = (
					"$(inherited)",
					"@executable_path/Frameworks",
					"@loader_path/Frameworks",
				);
				PRODUCT_BUNDLE_IDENTIFIER = com.went.NowTimelineTests;
				SDKROOT = iphoneos;
				TARGETED_DEVICE_FAMILY = "1,2";
				TEST_HOST = "$(BUILT_PRODUCTS_DIR)/NowTimeline.app/NowTimeline";
			};
			name = Release;
		};
		A3ADE32F588214E1B2D9F3A6 /* Debug */ = {
			isa = XCBuildConfiguration;
			buildSettings = {
				ASSETCATALOG_COMPILER_APPICON_NAME = AppIcon;
				CODE_SIGN_ENTITLEMENTS = NowTimeline/Resources/NowTimeline.entitlements;
				CODE_SIGN_IDENTITY = "iPhone Developer";
				GENERATE_INFOPLIST_FILE = NO;
				INFOPLIST_FILE = NowTimeline/Resources/Info.plist;
				LD_RUNPATH_SEARCH_PATHS = (
					"$(inherited)",
					"@executable_path/Frameworks",
				);
				PRODUCT_BUNDLE_IDENTIFIER = com.went.NowTimeline;
				SDKROOT = iphoneos;
				TARGETED_DEVICE_FAMILY = "1,2";
			};
			name = Debug;
		};
		D9FCE29EADD4AD2296241E8E /* Release */ = {
			isa = XCBuildConfiguration;
			buildSettings = {
				ASSETCATALOG_COMPILER_APPICON_NAME = AppIcon;
				CODE_SIGN_ENTITLEMENTS = NowTimeline/Resources/NowTimeline.entitlements;
				CODE_SIGN_IDENTITY = "iPhone Developer";
				GENERATE_INFOPLIST_FILE = NO;
				INFOPLIST_FILE = NowTimeline/Resources/Info.plist;
				LD_RUNPATH_SEARCH_PATHS = (
					"$(inherited)",
					"@executable_path/Frameworks",
				);
				PRODUCT_BUNDLE_IDENTIFIER = com.went.NowTimeline;
				SDKROOT = iphoneos;
				TARGETED_DEVICE_FAMILY = "1,2";
			};
			name = Release;
		};
/* End XCBuildConfiguration section */

/* Begin XCConfigurationList section */
		34352397C13B3E06BB796C15 /* Build configuration list for PBXProject "NowTimeline" */ = {
			isa = XCConfigurationList;
			buildConfigurations = (
				81C4B03F2D8346BE22083745 /* Debug */,
				5D14227D0BE79C0BC25C9F04 /* Release */,
			);
			defaultConfigurationIsVisible = 0;
			defaultConfigurationName = Debug;
		};
		3CFBA5BE010BD2C49B605D89 /* Build configuration list for PBXNativeTarget "NowTimelineTests" */ = {
			isa = XCConfigurationList;
			buildConfigurations = (
				03F9A234F36753132B70FDD1 /* Debug */,
				9CAC5DDF6820D9D8FEBE5CBA /* Release */,
			);
			defaultConfigurationIsVisible = 0;
			defaultConfigurationName = Debug;
		};
		C2188A363F36F1151BA6821E /* Build configuration list for PBXNativeTarget "NowTimeline" */ = {
			isa = XCConfigurationList;
			buildConfigurations = (
				A3ADE32F588214E1B2D9F3A6 /* Debug */,
				D9FCE29EADD4AD2296241E8E /* Release */,
			);
			defaultConfigurationIsVisible = 0;
			defaultConfigurationName = Debug;
		};
/* End XCConfigurationList section */

/* Begin XCLocalSwiftPackageReference section */
		7EFCD8E81E2EA420382662E0 /* XCLocalSwiftPackageReference "." */ = {
			isa = XCLocalSwiftPackageReference;
			relativePath = .;
		};
/* End XCLocalSwiftPackageReference section */

/* Begin XCSwiftPackageProductDependency section */
		0FD4596C2887D18B9C004E71 /* NowTimelineCore */ = {
			isa = XCSwiftPackageProductDependency;
			productName = NowTimelineCore;
		};
/* End XCSwiftPackageProductDependency section */
	};
	rootObject = 5B824566AC23F14A8EAFF8FD /* Project object */;
}
